{
    "_meta": {
        "hash": {
            "sha256": "715f71de93307426fea7df1f2ad80e11eae2578378c2f4c3463a656a14826905"
        },
        "pipfile-spec": 6,
        "requires": {
            "python_version": "3.11"
        },
        "sources": [
            {
                "name": "pypi",
                "url": "https://pypi.org/simple",
                "verify_ssl": true
            }
        ]
    },
    "default": {
        "bcrypt": {
            "hashes": [
                "sha256:01746eb2c4299dd0ae1670234bf77704f581dd72cc180f444bfe74eb80495b64",
                "sha256:037c5bf7c196a63dcce75545c8874610c600809d5d82c305dd327cd4969995bf",
                "sha256:094fd31e08c2b102a14880ee5b3d09913ecf334cd604af27e1013c76831f7b05",
                "sha256:0d4cf6ef1525f79255ef048b3489602868c47aea61f375377f0d00514fe4a78c",
                "sha256:193bb49eeeb9c1e2db9ba65d09dc6384edd5608d9d672b4125e9320af9153a15",
                "sha256:2505b54afb074627111b5a8dc9b6ae69d0f01fea65c2fcaea403448c503d3991",
                "sha256:2ee15dd749f5952fe3f0430d0ff6b74082e159c50332a1413d51b5689cf06623",
                "sha256:31adb9cbb8737a581a843e13df22ffb7c84638342de3708a98d5c986770f2834",
                "sha256:3a5be252fef513363fe281bafc596c31b552cf81d04c5085bc5dac29670faa08",
                "sha256:3d3b317050a9a711a5c7214bf04e28333cf528e0ed0ec9a4e55ba628d0f07c1a",
                "sha256:48429c83292b57bf4af6ab75809f8f4daf52aa5d480632e53707805cc1ce9b74",
                "sha256:4a8bea4c152b91fd8319fef4c6a790da5c07840421c2b785084989bf8bbb7455",
                "sha256:4fb253d65da30d9269e0a6f4b0de32bd657a0208a6f4e43d3e645774fb5457f3",
                "sha256:551b320396e1d05e49cc18dd77d970accd52b322441628aca04801bbd1d52a73",
                "sha256:5f7cd3399fbc4ec290378b541b0cf3d4398e4737a65d0f938c7c0f9d5e686611",
                "sha256:6004f5229b50f8493c49232b8e75726b568535fd300e5039e255d919fc3a07f2",
                "sha256:6717543d2c110a155e6821ce5670c1f512f602eabb77dba95717ca76af79867d",
                "sha256:6cac78a8d42f9d120b3987f82252bdbeb7e6e900a5e1ba37f6be6fe4e3848286",
                "sha256:8a893d192dfb7c8e883c4576813bf18bb9d59e2cfd88b68b725990f033f1b978",
                "sha256:8cbb119267068c2581ae38790e0d1fbae65d0725247a930fc9900c285d95725d",
                "sha256:9f8ea645eb94fb6e7bea0cf4ba121c07a3a182ac52876493870033141aa687bc",
                "sha256:c4c8d9b3e97209dd7111bf726e79f638ad9224b4691d1c7cfefa571a09b1b2d6",
                "sha256:cb9c707c10bddaf9e5ba7cdb769f3e889e60b7d4fea22834b261f51ca2b89fed",
                "sha256:d84702adb8f2798d813b17d8187d27076cca3cd52fe3686bb07a9083930ce650",
                "sha256:ec3c2e1ca3e5c4b9edb94290b356d082b721f3f50758bce7cce11d8a7c89ce84",
                "sha256:f44a97780677e7ac0ca393bd7982b19dbbd8d7228c1afe10b128fd9550eef5f1",
                "sha256:f5698ce5292a4e4b9e5861f7e53b1d89242ad39d54c3da451a93cac17b61921a"
            ],
            "markers": "python_version >= '3.7'",
            "version": "==4.1.3"
        },
        "cffi": {
            "hashes": [
                "sha256:157cfe06e48356a7552e68cb73976a710f2620a5f9eb25a5fe7066cf71601b68",
                "sha256:1c9f4df436f3780f2dbea2ff066cea0bb2f74425883bc5b098812768da2b34f7",
                "sha256:1da24a9bf6fd9ab987a915887f0d3577d0a0b3946d582b776b380294dc5fce18",
                "sha256:1db9f6fcf79e92ee2d193cd989dde4e1419193ff11eef4bcc00cb06293e22f4b",
                "sha256:1fee79745f50734490d3358f9cb6578f57850bb61287256115dda2a513abe3c6",
                "sha256:205051765f126c1480d1eaf6268c644262bae3ed610423f0783349f04e7f5a6b",
                "sha256:22eac8f9c77df0899a6cd373d6a62da40644573a5e27982f7713bd2a9f0b0edf",
                "sha256:2e5562c744d495f838dc0fbe9cd76cff27ebea0a2e747dd84dd8a7e47bcd3c8f",
                "sha256:3113951a250b021d2092e870fe86cd4292a633a786f7ece67200663406409659",
                "sha256:319ec248b55d34a49d7a43c48f2cf922b526e5ad2a3988887cc822a0c226b983",
                "sha256:35bd512b1a16723b8c50665c3fe83c80789f7e5599c8f0721ef145552b6853e7",
                "sha256:3745df375d5e66261295840fa219797251ff6a30afedfae650576ab2b10f43db",
                "sha256:39b9131ed6c28f63132dee75d1fa5653436cb46fc7e6a097af29f32c7f5f8eca",
                "sha256:3c4b0e03d0d9f3a31110994bf657076f3821ad1a88e2cdb7c3e43b4e4f96e7b0",
                "sha256:3ea7190f834a5979e30bc4af334c031303a4f16f38216599645034751d683171",
                "sha256:3f60cc0a65ac412887ba284c946242ed4e07065003b358a4d288334f6c2a54ed",
                "sha256:475d2832950f9a65740aeb20d5baf6d84cf0d08a7063c8c6c407ec24cac41881",
                "sha256:494abc4dc78792d210249127a75021049c7832468f9daa6e81ec0dfc1f55d9d0",
                "sha256:4f17c3cfc4a7a53693bda38ac1631f30ceb2430f4a038550f5515728592ccd6f",
                "sha256:58463f9a28f4357f4a07a94fbb0dca91486f6948f19a4971e0bedd6292ef0394",
                "sha256:614afb2f32d5ea64a946643d798f3391d53bba868290e7433f4eaae7d1692e06",
                "sha256:625eb8d8d377438cfbf64899e09969d20cd139019838a60644f05216f7c7767d",
                "sha256:6a891c9e564527b4e65d65f87e3e989c3369329d04b39c49f279a91266287b85",
                "sha256:6aff0256e080afb8964e091f94222c2808cdf7c5f13d58f88e799e2fbde53a9d",
                "sha256:6bce1aa64c52c3cb0c7326dd81d1dc5a4831946b29721592983eb4ae80beb2ac",
                "sha256:6df680dccdb5fcd257343532d5354c0059a6e5e4bc27b24a6a310cc51ba35a31",
                "sha256:7249add87681d15f1a291e096f49350b28c44be958c5ca650d8c4dfbce3a458f",
                "sha256:730a92dd144eb89f69c7b61ba4e6ac48ee6a01ba92f70c17e277c3e2c49b253d",
                "sha256:752c6a06036a24b54936f488ad13b0a83b7d1e0f9fefbe3a4fc237676b1091cf",
                "sha256:7953cd1968a8ea99482d7bfcf5bb9c56d56e91660b97ee940923394c8194d921",
                "sha256:7e12962a21ba417611c7f9ae3e7f42d5354b68bf3c894af7796c171f6a965acf",
                "sha256:84269088c987aa34045ee808b8a3c5f44397403f1afeff65429cd7c9e123dc01",
                "sha256:85b997ce260a93010a72767c0f2f7c405524cada076792a9baad75cef435f293",
                "sha256:8b77f45d5b938f8fa6d3087892458c57458f55a90410ce15c61585627930838b",
                "sha256:8e7b261c3ea000b9a7c4fd40dd54ec3749d4592808025261d82e82f6457e8b7f",
                "sha256:8fe736c2666e20090ae52af3b0297fb9273830f9d31f6041d7a8c7172fb6a566",
                "sha256:94af5cfe8eb0d2742435458b8c8708aeb88f17fb48372bc4dacb87671e1ba867",
                "sha256:98c7f31f55c4d0f9dba7da07bab8cd822cff6ac8dbea28ea8385e3a1e7074ac6",
                "sha256:98e89b4eabb3f98c7882016cb4c498bded7882ad655f80d7a9d23043a1d12d43",
                "sha256:98eaba1ed99a0a219cabe7d8bb716d9d87aeeb1b6f33792bcf84cc222c1a37b1",
                "sha256:9b5cb07680e7d3c522733d14fbc0cac0660b597a2e33d8bbd305537b65eb6a51",
                "sha256:9e39b8008534eedae1bde35d7cd5b71069f8aa7e6c079ae549a0de68299af43c",
                "sha256:a23431415147e0c711742b4e273b362758e632bd11a1e676c58011f0ed96da42",
                "sha256:a33648455eefb348b265bd10764833ab7d5f3811912a90dcefc00328d548da0d",
                "sha256:a4b7e94db6e6bc2582fa540175384070edbd63c61103b182f57be3a958c0b7ad",
                "sha256:a72748e56cd5edfc808c508da6e4b903225d1ed4c45463c28edf188ffea6d442",
                "sha256:b3245d8073632f958cf239a198c0c3bed112a59d6ee2202e85367955b92794c6",
                "sha256:b57fa5d8a1a2cc960613e0e578867d21a018f4405e9bad31c7b0af2b14004f2b",
                "sha256:b6f35a638639298d4f9dca59db1f7568860ea179ace42318d658698850f2f540",
                "sha256:b7cb4755dc605ac5f2cf0b00e4063fdc2ca474da7bdc473877f8b5cba133b43e",
                "sha256:ba993bea9f3195dc2f8dd9e3739f97f41eac5d71f5804d1ef87ee1283a13a280",
                "sha256:bf62263af2a3fadaf992775e0e555d657546dee30d3ca8a2ed1559c90006d46e",
                "sha256:c207ccc9f2e459eab7952401dc9237e36d6b630b5020890736e6b18002a750f3",
                "sha256:c82e1f580f3dd473a9d8b213071dfd8da07f7a433b04ba6be4773ada211d3fdb",
                "sha256:ca0dd9cfb6a3fd91d6f1de5a2e2ee7a0f4b5b753309ec4edce32d5505dbc9149",
                "sha256:cfc1d8a64c44544a01b06b1688dca70433dc47e2d46f462c9ee6dc02ab233ba8",
                "sha256:d1089e9654cbbeb4e3ba84caa5eb0a92371fcac6ba43b14514680d339068abed",
                "sha256:d50cef1600b59ec5669a28050286a456682443f20be9b0226c0fe5502860216e",
                "sha256:e27ceb498d5a93f7fe833c5a3a85f8b9f0a4f1a182f1d37936e9ed31dda6926b",
                "sha256:e3ae055e90ea13480185a1ef5325ebd9ac092e03f5f473be3e93eac62bfd43df",
                "sha256:e547a347a983bda467ae8d8b607d278cdf8a37bea735399d655c82cba3f5d725",
                "sha256:e6c686d93378b18a7b26bbb376dab75716a72bd95c04b7f2cff9094ac66a4582",
                "sha256:ec95c379f5ebd92cd09e3e8183da9afee8c2da2544593fe091421ed2d757f3c1",
                "sha256:f6e933e0118a97df454139ca84a28473a024429c7c1eb82619a56ef886b07583",
                "sha256:f9155a5b35097cbe7a2e31611daf681b7119d895090bb101bf94805fb6bc7834",
                "sha256:fa76f23281fd49c305002f510c773ecf6216118f2e7083b34ffa06983d6db96a",
                "sha256:ffe885231b8b58f18149e9eaece2d556602aeb233161c069618bda31f3a30d04"
            ],
            "markers": "platform_python_implementation != 'PyPy'",
            "version": "==1.17.0rc1"
        },
        "cryptography": {
            "hashes": [
                "sha256:02c0eee2d7133bdbbc5e24441258d5d2244beb31da5ed19fbb80315f4bbbff55",
                "sha256:0d563795db98b4cd57742a78a288cdbdc9daedac29f2239793071fe114f13785",
                "sha256:16268d46086bb8ad5bf0a2b5544d8a9ed87a0e33f5e77dd3c3301e63d941a83b",
                "sha256:1a58839984d9cb34c855197043eaae2c187d930ca6d644612843b4fe8513c886",
                "sha256:2954fccea107026512b15afb4aa664a5640cd0af630e2ee3962f2602693f0c82",
                "sha256:2e47577f9b18723fa294b0ea9a17d5e53a227867a0a4904a1a076d1646d45ca1",
                "sha256:31adb7d06fe4383226c3e963471f6837742889b3c4caa55aac20ad951bc8ffda",
                "sha256:3577d029bc3f4827dd5bf8bf7710cac13527b470bbf1820a3f394adb38ed7d5f",
                "sha256:36017400817987670037fbb0324d71489b6ead6231c9604f8fc1f7d008087c68",
                "sha256:362e7197754c231797ec45ee081f3088a27a47c6c01eff2ac83f60f85a50fe60",
                "sha256:3de9a45d3b2b7d8088c3fbf1ed4395dfeff79d07842217b38df14ef09ce1d8d7",
                "sha256:4f698edacf9c9e0371112792558d2f705b5645076cc0aaae02f816a0171770fd",
                "sha256:5482e789294854c28237bba77c4c83be698be740e31a3ae5e879ee5444166582",
                "sha256:5e44507bf8d14b36b8389b226665d597bc0f18ea035d75b4e53c7b1ea84583cc",
                "sha256:779245e13b9a6638df14641d029add5dc17edbef6ec915688f3acb9e720a5858",
                "sha256:789caea816c6704f63f6241a519bfa347f72fbd67ba28d04636b7c6b7da94b0b",
                "sha256:7f8b25fa616d8b846aef64b15c606bb0828dbc35faf90566eb139aa9cff67af2",
                "sha256:8cb8ce7c3347fcf9446f201dc30e2d5a3c898d009126010cbd1f443f28b52678",
                "sha256:93a3209f6bb2b33e725ed08ee0991b92976dfdcf4e8b38646540674fc7508e13",
                "sha256:a3a5ac8b56fe37f3125e5b72b61dcde43283e5370827f5233893d461b7360cd4",
                "sha256:a47787a5e3649008a1102d3df55424e86606c9bae6fb77ac59afe06d234605f8",
                "sha256:a79165431551042cc9d1d90e6145d5d0d3ab0f2d66326c201d9b0e7f5bf43604",
                "sha256:a987f840718078212fdf4504d0fd4c6effe34a7e4740378e59d47696e8dfb477",
                "sha256:a9bc127cdc4ecf87a5ea22a2556cab6c7eda2923f84e4f3cc588e8470ce4e42e",
                "sha256:bd13b5e9b543532453de08bcdc3cc7cebec6f9883e886fd20a92f26940fd3e7a",
                "sha256:c65f96dad14f8528a447414125e1fc8feb2ad5a272b8f68477abbcc1ea7d94b9",
                "sha256:d8e3098721b84392ee45af2dd554c947c32cc52f862b6a3ae982dbb90f577f14",
                "sha256:e6b79d0adb01aae87e8a44c2b64bc3f3fe59515280e00fb6d57a7267a2583cda",
                "sha256:e6b8f1881dac458c34778d0a424ae5769de30544fc678eac51c1c8bb2183e9da",
                "sha256:e9b2a6309f14c0497f348d08a065d52f3020656f675819fc405fb63bbcd26562",
                "sha256:ecbfbc00bf55888edda9868a4cf927205de8499e7fabe6c050322298382953f2",
                "sha256:efd0bf5205240182e0f13bcaea41be4fdf5c22c5129fc7ced4a0282ac86998c9"
            ],
            "markers": "python_version >= '3.7'",
            "version": "==42.0.7"
        },
        "iniconfig": {
            "hashes": [
                "sha256:2d91e135bf72d31a410b17c16da610a82cb55f6b0477d1a902134b24a455b8b3",
                "sha256:b6a85871a79d2e3b22d2d1b94ac2824226a63c6b741c88f7ae975f18b6778374"
            ],
            "markers": "python_version >= '3.7'",
            "version": "==2.0.0"
        },
        "numpy": {
            "hashes": [
                "sha256:03a8c78d01d9781b28a6989f6fa1bb2c4f2d51201cf99d3dd875df6fbd96b23b",
                "sha256:08beddf13648eb95f8d867350f6a018a4be2e5ad54c8d8caed89ebca558b2818",
                "sha256:1af303d6b2210eb850fcf03064d364652b7120803a0b872f5211f5234b399f20",
                "sha256:1dda2e7b4ec9dd512f84935c5f126c8bd8b9f2fc001e9f54af255e8c5f16b0e0",
                "sha256:2a02aba9ed12e4ac4eb3ea9421c420301a0c6460d9830d74a9df87efa4912010",
                "sha256:2e4ee3380d6de9c9ec04745830fd9e2eccb3e6cf790d39d7b98ffd19b0dd754a",
                "sha256:3373d5d70a5fe74a2c1bb6d2cfd9609ecf686d47a2d7b1d37a8f3b6bf6003aea",
                "sha256:47711010ad8555514b434df65f7d7b076bb8261df1ca9bb78f53d3b2db02e95c",
                "sha256:4c66707fabe114439db9068ee468c26bbdf909cac0fb58686a42a24de1760c71",
                "sha256:50193e430acfc1346175fcbdaa28ffec49947a06918b7b92130744e81e640110",
                "sha256:52b8b60467cd7dd1e9ed082188b4e6bb35aa5cdd01777621a1658910745b90be",
                "sha256:60dedbb91afcbfdc9bc0b1f3f402804070deed7392c23eb7a7f07fa857868e8a",
                "sha256:62b8e4b1e28009ef2846b4c7852046736bab361f7aeadeb6a5b89ebec3c7055a",
                "sha256:666dbfb6ec68962c033a450943ded891bed2d54e6755e35e5835d63f4f6931d5",
                "sha256:675d61ffbfa78604709862923189bad94014bef562cc35cf61d3a07bba02a7ed",
                "sha256:679b0076f67ecc0138fd2ede3a8fd196dddc2ad3254069bcb9faf9a79b1cebcd",
                "sha256:7349ab0fa0c429c82442a27a9673fc802ffdb7c7775fad780226cb234965e53c",
                "sha256:7ab55401287bfec946ced39700c053796e7cc0e3acbef09993a9ad2adba6ca6e",
                "sha256:7e50d0a0cc3189f9cb0aeb3a6a6af18c16f59f004b866cd2be1c14b36134a4a0",
                "sha256:95a7476c59002f2f6c590b9b7b998306fba6a5aa646b1e22ddfeaf8f78c3a29c",
                "sha256:96ff0b2ad353d8f990b63294c8986f1ec3cb19d749234014f4e7eb0112ceba5a",
                "sha256:9fad7dcb1aac3c7f0584a5a8133e3a43eeb2fe127f47e3632d43d677c66c102b",
                "sha256:9ff0f4f29c51e2803569d7a51c2304de5554655a60c5d776e35b4a41413830d0",
                "sha256:a354325ee03388678242a4d7ebcd08b5c727033fcff3b2f536aea978e15ee9e6",
                "sha256:a4abb4f9001ad2858e7ac189089c42178fcce737e4169dc61321660f1a96c7d2",
                "sha256:ab47dbe5cc8210f55aa58e4805fe224dac469cde56b9f731a4c098b91917159a",
                "sha256:afedb719a9dcfc7eaf2287b839d8198e06dcd4cb5d276a3df279231138e83d30",
                "sha256:b3ce300f3644fb06443ee2222c2201dd3a89ea6040541412b8fa189341847218",
                "sha256:b97fe8060236edf3662adfc2c633f56a08ae30560c56310562cb4f95500022d5",
                "sha256:bfe25acf8b437eb2a8b2d49d443800a5f18508cd811fea3181723922a8a82b07",
                "sha256:cd25bcecc4974d09257ffcd1f098ee778f7834c3ad767fe5db785be9a4aa9cb2",
                "sha256:d209d8969599b27ad20994c8e41936ee0964e6da07478d6c35016bc386b66ad4",
                "sha256:d5241e0a80d808d70546c697135da2c613f30e28251ff8307eb72ba696945764",
                "sha256:edd8b5fe47dab091176d21bb6de568acdd906d1887a4584a15a9a96a1dca06ef",
                "sha256:f870204a840a60da0b12273ef34f7051e98c3b5961b61b0c2c1be6dfd64fbcd3",
                "sha256:ffa75af20b44f8dba823498024771d5ac50620e6915abac414251bd971b4529f"
            ],
            "index": "pypi",
            "markers": "python_version >= '3.9'",
            "version": "==1.26.4"
        },
        "packaging": {
            "hashes": [
                "sha256:048fb0e9405036518eaaf48a55953c750c11e1a1b68e0dd1a9d62ed0c092cfc5",
                "sha256:8c491190033a9af7e1d931d0b5dacc2ef47509b34dd0de67ed209b5203fc88c7"
            ],
            "markers": "python_version >= '3.7'",
            "version": "==23.2"
        },
        "paramiko": {
            "hashes": [
                "sha256:43f0b51115a896f9c00f59618023484cb3a14b98bbceab43394a39c6739b7ee7",
                "sha256:aac08f26a31dc4dffd92821527d1682d99d52f9ef6851968114a8728f3c274d3"
            ],
            "markers": "python_version >= '3.6'",
            "version": "==3.4.0"
        },
        "phoenix6": {
            "hashes": [
                "sha256:218df8b9de0bb5621b7a737d9962d76722db12c9d96c84feadc386b8c82d23f3",
                "sha256:36c1eeaebd0359e6ce21b2d73a83f75c2dbcec59d0fac78e86942fc882a584fb",
                "sha256:7af6f9b27bfbbd46f9cccc14528f0e022c82916edecd20ae00deec136af83fe1",
                "sha256:9adbf30291a2e64054cdee4221df1509a11f2056942438f89c278614830911d2",
                "sha256:bdbda4ec7807e9215cba216676fae98de7fce3e93277a47d4739e0e4fcf12c9a"
            ],
            "markers": "python_version >= '3.7' and python_version < '4'",
            "version": "==24.3.0"
        },
        "pint": {
            "hashes": [
                "sha256:df79b6b5f1beb7ed0cd55d91a0766fc55f972f757a9364e844958c05e8eb66f9",
                "sha256:e1509b91606dbc52527c600a4ef74ffac12fff70688aff20e9072409346ec9b4"
            ],
            "markers": "python_version >= '3.9'",
            "version": "==0.23"
        },
        "pipfile": {
            "hashes": [
                "sha256:f7d9f15de8b660986557eb3cc5391aa1a16207ac41bc378d03f414762d36c984"
            ],
            "index": "pypi",
            "version": "==0.0.2"
        },
        "pluggy": {
            "hashes": [
                "sha256:2cffa88e94fdc978c4c574f15f9e59b7f4201d439195c3715ca9e2486f1d0cf1",
                "sha256:44e1ad92c8ca002de6377e165f3e0f1be63266ab4d554740532335b9d75ea669"
            ],
            "markers": "python_version >= '3.8'",
            "version": "==1.5.0"
        },
        "pycparser": {
            "hashes": [
                "sha256:491c8be9c040f5390f5bf44a5b07752bd07f56edf992381b05c701439eec10f6",
                "sha256:c3702b6d3dd8c7abc1afa565d7e63d53a1d0bd86cdc24edd75470f4de499cfcc"
            ],
            "markers": "python_version >= '3.8'",
            "version": "==2.22"
        },
        "pyfrc": {
            "hashes": [
                "sha256:011076dbc62606b08eec6eb1bb30497d085d34cb71537a7ce0d06f44c8492855",
                "sha256:2386be296bfb7e482a26c25e85ee61495ea10154f920d7450fec575defb8cc05"
            ],
            "markers": "platform_machine != 'roborio' and platform_machine != 'armv7l' and platform_machine != 'aarch64'",
            "version": "==2024.0.1"
        },
        "pynacl": {
            "hashes": [
                "sha256:06b8f6fa7f5de8d5d2f7573fe8c863c051225a27b61e6860fd047b1775807858",
                "sha256:0c84947a22519e013607c9be43706dd42513f9e6ae5d39d3613ca1e142fba44d",
                "sha256:20f42270d27e1b6a29f54032090b972d97f0a1b0948cc52392041ef7831fee93",
                "sha256:401002a4aaa07c9414132aaed7f6836ff98f59277a234704ff66878c2ee4a0d1",
                "sha256:52cb72a79269189d4e0dc537556f4740f7f0a9ec41c1322598799b0bdad4ef92",
                "sha256:61f642bf2378713e2c2e1de73444a3778e5f0a38be6fee0fe532fe30060282ff",
                "sha256:8ac7448f09ab85811607bdd21ec2464495ac8b7c66d146bf545b0f08fb9220ba",
                "sha256:a36d4a9dda1f19ce6e03c9a784a2921a4b726b02e1c736600ca9c22029474394",
                "sha256:a422368fc821589c228f4c49438a368831cb5bbc0eab5ebe1d7fac9dded6567b",
                "sha256:e46dae94e34b085175f8abb3b0aaa7da40767865ac82c928eeb9e57e1ea8a543"
            ],
            "markers": "python_version >= '3.6'",
            "version": "==1.5.0"
        },
        "pynetconsole": {
            "hashes": [
                "sha256:3f6b51e3c943e900578ce92a85104d45784ea522863b025816cc7d580bd00069",
                "sha256:a02a9a6538b63ab63ffb480a0e5c1485aa5f393da6a20f780a6b082c971762d5"
            ],
            "markers": "python_version >= '3.6'",
            "version": "==2.0.4"
        },
        "pyntcore": {
            "hashes": [
                "sha256:14d31540c29cdbc6bfbfc81b9b3e1535b91aec03bf012e42bb388a9ee450cca2",
                "sha256:178900b7e1bc82fe1dd2c2eb73279de5154d0df4785f259fe773e42782d788f9",
                "sha256:2707b0b52ef1979b60a472e55ef8837c9c594377075824bb4317e584ff043b27",
                "sha256:34c0e34f28eaeb9ef3e096ba49b4cc48a5e663ebf6578ce9595ab0851a73a1de",
                "sha256:355e6fc18b8a2bd2b3fb6467428f42bde1615444d2dc9ee96bbeb4ad8a5d0936",
                "sha256:3f5b8b2f5828d2320b95c55211f85d5ab958d485b76b189dddfc5bce48b54a2c",
                "sha256:55050ced774f897fbe79063f2b3f460ee60df348c7cf5141784a6f07b2b59ca6",
                "sha256:5f805578f476b725e32a8250af8bb953f526c1fa742e851d258757229cce07c8",
                "sha256:615c960729c49ca0dccfd4b598ac1809637e13efbdbb995ec35837101d8ba342",
                "sha256:7c3ab86b83761787887eec530bdfacd3fb21c8deaf9edcf03ca1c3d33d87eb5d",
                "sha256:9c61bbf21bbb82a7dcf18c5501952f5bff79d35c6874a0f66adeb0ac38f85a18",
                "sha256:b128cd909c4e3bfda7a3520d0a881d73df6430355fae3883da23bd63c9a519c4",
                "sha256:ce0b197325dee06699c007538c3a46833a07fc48179d202a920052e363916370",
                "sha256:da4f8bb3d1428de15bf265fe21e70e17c221b620df069c6a30d59431d7f70357",
                "sha256:f4689b90e35b0630ca35b0803d7d2b4e993d9cc13073dc11e49c0823be5570fb"
            ],
            "markers": "python_version >= '3.8'",
            "version": "==2024.3.2.0"
        },
        "pytest": {
            "hashes": [
                "sha256:5046e5b46d8e4cac199c373041f26be56fdb81eb4e67dc11d4e10811fc3408fd",
                "sha256:faccc5d332b8c3719f40283d0d44aa5cf101cec36f88cde9ed8f2bc0538612b1"
            ],
            "markers": "python_version >= '3.8'",
            "version": "==8.2.1"
        },
        "pytest-reraise": {
            "hashes": [
                "sha256:5ab59bd0e2028be095289e6dfc9e36cc0b56936465278f3223e81bea0f2d1c70",
                "sha256:c22430d33b2cc18905959d7af28978e371113fcc6ef67b5fec95efcd80b88c16"
            ],
            "markers": "python_full_version >= '3.6.1' and python_full_version < '4.0.0'",
            "version": "==2.1.2"
        },
        "robotpy": {
            "hashes": [
                "sha256:8fa2d54a94182d3fda8cf12df928d48237598d6c2e1624e0803a0589ce74c4cd",
                "sha256:ac4de7f1074f7a1483cd7ec7ee965408762bcbff7ab24df5001c4c5ed261be3d"
            ],
            "index": "pypi",
            "markers": "python_version < '3.13' and python_version >= '3.8'",
            "version": "==2024.3.2.1"
        },
        "robotpy-cli": {
            "hashes": [
                "sha256:9284035fa67058b33593b1846e13501eda0861fb9d9adce4bd01b101c9f1f26e",
                "sha256:e6519f06856eb0a7ef5f25a57bfc8dcb20635cef84706fb37c0b602d59e33f39"
            ],
            "markers": "python_version >= '3.8'",
            "version": "==2024.0.0"
        },
        "robotpy-commands-v2": {
            "hashes": [
                "sha256:94c2779a13c46c27f1454b170f01fb9c1c9e6a02d7b8fccaa86cd4e5c87d2435",
                "sha256:bd7caf6060413d1b70bcedab665fb24ee2deed9169aeee611efb62a9dbf40852"
            ],
            "index": "pypi",
            "markers": "python_version >= '3.8'",
            "version": "==2024.3.1"
        },
        "robotpy-ctre": {
            "hashes": [
                "sha256:02ea6ea667c56cb6a2cb2d2be6460224eabd407c8af70ac7b4b35768a3f2a88f",
                "sha256:042a2f78dbe56fc4e180a973dfb893a75aab47a8316c75e4458992d188463dfc",
                "sha256:1f2967bfcd3ae1a05dfeccff456a2c309f9aef756a0623104d4e112f9b98c0c1",
                "sha256:21eedd38d2037f4ab5625925d4473102b9a7d6931d0032132228ebdb07402dba",
                "sha256:258bb99915fa47a37b8e3e666d0c4b31a14001f6fbdb7a0fc5c374108b801815",
                "sha256:3ea7b4b9b2cdad8282887aeef11e63506db935c0be1025e2b71adb5425d8097c",
                "sha256:4887819bef9fa33572ec98e81cf491bcc293a5254347ff4c8e963d093002ec1b",
                "sha256:b626d60eaea68fff123162acab625a31154f58c8d9920809dac2a04182fd3e65",
                "sha256:bbc4e15c7b9ab34d0f531973ad3c41b47139f59e598ef8344f6f7187f9936d97",
                "sha256:c111e251c57261901e0a83ef42346443a5d677e1db15375bc330258c6a9040dd",
                "sha256:c906ff8d571c098c63c43722fd7ef8827feda1734e36e4f2f68cde65394d43c9",
                "sha256:d1eaf4cf5a4f103a0c896a1a7335c379f307697296f4877956b5da0bc1963978",
                "sha256:e9d68e7fd7f0aeed596ea6d6b7fd186f671e6fed2f641be5490ce087f28899ea"
            ],
            "index": "pypi",
            "markers": "python_version >= '3.8'",
            "version": "==2024.1.3"
        },
        "robotpy-hal": {
            "hashes": [
                "sha256:0c2e3cdc981f9dc6c2b90d31f70bb27b4c91b79347deb4058c753af76d97421b",
                "sha256:2132d8fc81dce244191759333d4be8ac1143c5a2b5654a2bc877fee4f7a18b5e",
                "sha256:3f820b53cf5ef6f02d58ddb1d56fcc794402c826c3da884d9ab17839fd7c7684",
                "sha256:4593d4130ba50819df7fdcc0e895fca7ad19a9be6c810bbe10dd8e7b431218ec",
                "sha256:4e4b605c219647402733e66532a142f2e71e37b78e3507cfb9e7c031eb5ffa0a",
                "sha256:6367540610d4398bb6d81922d540c2665115e3167d9c263b4fb2aaf7364f4c5a",
                "sha256:714fb5b73eaf758b69a8a506f6ede60ca16d4036014eae383b2493f885d6cfd7",
                "sha256:7f502f2e63afa843e58cff9ca122db715fd5cf5bb2d7b1af560eaa74594de3a9",
                "sha256:8da8365f09e7cb2287d9b50e8ebe1a117f47f1cf7cf2c4ebe75146b4d6ec7189",
                "sha256:cc234d00b6e274641b7ab8081f7d1029c1fd1d95469fe92e0df9498ed847bab7",
                "sha256:d0f5cb41e006df75745757818d15355902632a919e029a692a98fa1af27c4513",
                "sha256:dd99c37d74429f739e94fc2168a1fe4ded3d7234a4f6d425cf10283adfe0ba5f",
                "sha256:e02088620b2809000c85e2f8da9a6cc7a58592e5fa81b9b75d33e83e5dce8d2f",
                "sha256:f6da11a7e1619fa591cca78dfd866aaa5f46e03e7436c98f5ef98d71eaa97562",
                "sha256:f82d2ae057d86a59c4379f67b43fa304d999e90f6b3f84ff877abc16844d7d0e"
            ],
            "markers": "python_version >= '3.8'",
            "version": "==2024.3.2.0"
        },
        "robotpy-halsim-gui": {
            "hashes": [
                "sha256:009a81a524cbfa0e7de0756b1eeb50d64f908e16991c60507dd2b1c2feb20c2f",
                "sha256:13c658b0292784d242569ae686b8bafd1035f6bdeb4a1784c23c56987d8f82f4",
                "sha256:2006162cb96fda821c5f94679168374de2fbeeb3d61150dda6cfe5ab33bb17e5",
                "sha256:27804d6a0c32caafb9db82311e6b56fe9699b67e12fdcbdee921124a7b080c0a",
                "sha256:27ecfc05f54d48ecf228198daa6fb02ef9589d42efe08f40bd557d3066e1dc43",
                "sha256:4a39ec0c0c383f78504467408caa086d59db9e991d594c46a3d80a95ccac5b9d",
                "sha256:50d8d8e576f24ebed2090824fbb48f5b1be7d435af78f907fe9f2ef8bbd63b32",
                "sha256:5d9f700239ef755da05d71910dc04daec74ac7cc11e61bd38b07ae02b382c24b",
                "sha256:63a3a4926af23d1f3f9224490ffed605dca86ccf14294906871ff847d15c3c68",
                "sha256:93bd1df2e5933f63767bdc63246adeee2c10c24b13bbfd1b3e02862c5c0a8789",
                "sha256:ad048ce936c732c031600e41d19eac23f541ee5021f72daaf89a74e00c5b1ff7",
                "sha256:c121d48984e12b3631d5af5b7988d181de670507f0afd29f129cabf04951e062",
                "sha256:d81f96bc3f3eb46694b18ee35c641cf49070020d793a34b74147d1bd56972060",
                "sha256:ef94a2d1261aaa24cd6c74ac5a301b4b11ee377adeac8eebbf0a0a3dbadd8d2d",
                "sha256:fef848f7da5042776dedb2566da3d8d854ced2871f7f9aaad921155b9c93f3c4"
            ],
            "markers": "platform_machine != 'roborio' and platform_machine != 'armv7l' and platform_machine != 'aarch64'",
            "version": "==2024.3.2.0"
        },
        "robotpy-installer": {
            "hashes": [
                "sha256:12e243acd6b956f80f7985e40ea8b331819ff4d6324a7c541b7045ac32678087",
                "sha256:510cc4c7cc11b0fd248604d7dd7eb366b9018b53b9cb36c06306e762c92bfea7"
            ],
            "markers": "platform_machine != 'roborio' and platform_machine != 'armv7l' and platform_machine != 'aarch64'",
            "version": "==2024.2.2"
        },
        "robotpy-pathplannerlib": {
            "hashes": [
                "sha256:707fb7bb36f34aea82b5d710204ab84f06f980e36a007b06d6eecacf230f6fa8",
                "sha256:f3b1c775c177670bfa46db76c55ebb490b00f5ff8770bb0f7866988789a08978"
            ],
            "index": "pypi",
            "markers": "python_version >= '3.8'",
            "version": "==2024.2.7"
        },
        "robotpy-rev": {
            "hashes": [
                "sha256:01e28fdcbd34ea78a48e71f234df2b4b3d9620684f4456226431f948b9d2631f",
                "sha256:12b3ff28f29abe0617ada2239145c9660d8a4909ebbcf56a331f57abbee76402",
                "sha256:256959b84768e36d782e1614a964dd81a60b11decfb501a2b4d2ff1d50e10632",
                "sha256:31cac58fca644490ada4d9f11c3a928c3a35aeb84023e885cb9da2eeec6a6446",
                "sha256:36a056bfc00db0270e2bc0029a8b75b94527e727f016b5df295b8032e1536a16",
                "sha256:3998a8bac05dc347b08b815d961c6e87e7dca73efed1bbab69f9b94ecc68825e",
                "sha256:4923104570dec99ac1f14142268ffc951c47c10fb81b35f495dec90bcf94b023",
                "sha256:4a57c9c87dbda385ec9e6446b65c024aecccfea017f56c036e88909b959e4ddc",
                "sha256:58622129df8959de7d2d2c2b969c1003661f37a229ce1b4cc23fef60132970b3",
                "sha256:99df945141f8ca4452c088f4fc183675e740a32130d5289c6a44cb48581512ed",
                "sha256:a9a3b6102cc68c4625c3394278ff9ff0e4810b5298631aa15508de372286389f",
                "sha256:c537ac3137190d435db30ac04a7cf26cc1889c69db6ff6752c1c6149a0e8b6cf",
                "sha256:d303f77d92b94e681f62cdca31aa9009217779f33ce8d0b4b1faf234541c329c",
                "sha256:d45578fc006a141dfa592e73959268985647fc6a01042d1bf73c0ac74c0cb703",
                "sha256:eaf1da563d348acd22a556626d130587ff453a38de4dee8ed9951e7de212edf1",
                "sha256:ee849c03bc10762ffde93144ac9113f03e7376a475c6ede800eb0eef68d6efe8"
            ],
            "index": "pypi",
            "markers": "python_version >= '3.8'",
            "version": "==2024.2.3"
        },
        "robotpy-wpilib-utilities": {
            "hashes": [
                "sha256:da0d3495d28b8f758c0bc12f1075996273aae831c5dd9d85d6b0581f8f08bcaa",
                "sha256:f2e7e512e3e9ad938893175b22c827f97d0866ade47f34c25d68622c3f8a4c3a"
            ],
            "markers": "python_version >= '3.8'",
            "version": "==2024.0.0"
        },
        "robotpy-wpimath": {
            "hashes": [
                "sha256:0844991c6c84747f32274628d3eb15f7082458090fed015fe4f7dbd08fcbdb4c",
                "sha256:11317568377dbc5a5e3bf4e9237284ed987079739098a0a256407ab9ddc918c1",
                "sha256:1575f6dbfe08b18e1cd5d9f55cbc7afd77af16263be41d138d2725de47206318",
                "sha256:2f0c4168f128bef603b55cf926cedad27eed0a98824a4fe244de51db48e0d05d",
                "sha256:3a21af9d3abc70d68b6673fd1f7bae60fe783dc0e9b4c926e99f725568c26149",
                "sha256:6813e4a22b9463410eb5bcd7c838a04ef1fd59c3590ef21176c7c1d7c74bb5cc",
                "sha256:a474951a3dcf80154aad597d46eb26de7e485145228e8e2892a0adc3cc98e3fd",
                "sha256:abd2a365a5edd9f6caca56540a48256549cedef490f3286274443fd9a8f703e6",
                "sha256:b0ea369700298164608e841c1696fc2ef5b300019930c8f99356ea8fb86051dd",
                "sha256:b2d5f852c734b53fab279532a0ac47cb9570036208543a01cbd10aeb3a73fa70",
                "sha256:c869321476107422e841312a8076c6676a538e05023b8cf3f991be197c85d087",
                "sha256:e2b2670939545b80afd85692031e86f2a53da5b5ecdf97baaa96cb687067294f",
                "sha256:e7b3b8759d1c791c95f8a62199f4038c4c485b85e0cb160d4c93120591795269",
                "sha256:f8fa6599331b31cc64951058eea2e52336d2bf8e3c7704c6bc422261c0b82431",
                "sha256:fbc80e929cba60d25208d167f573a1151a8f8851a66a670fe464ef0c53fee76a"
            ],
            "markers": "python_version >= '3.8'",
            "version": "==2024.3.2.0"
        },
        "robotpy-wpinet": {
            "hashes": [
                "sha256:05f52054c46f41e1f5e98601cb9699e5975874b5fd8a7b65bf21437a10df262c",
                "sha256:065d15086723565169240711ffc4f66994d5c9e90c5979e5c86d2551fed7ecd9",
                "sha256:132906e671d3bb1e1775817ecf3fa375e8f95a2ad11288ad7fec8a3b47c21685",
                "sha256:45f5e0459f41b8ff5bd1c323fb3d969bddfdaf7d34f36c995d57e7216743a882",
                "sha256:568d54a3cd234228af96e1b46debbc166224a41eb8f2ceb18efcad7179ee9864",
                "sha256:61536f024ab59a4ad56cb88608708188590b90307436eef87dda465ddf59553e",
                "sha256:64a0cbbe5cb9e043e06f66e9388cff1a3f057f4150232629e93ab7b71c4366ff",
                "sha256:7ca88041bc5837fd59814ed471c78afe053ce20806d858f5d627389cf9a011c1",
                "sha256:802e398e55a5c9e1f7a60b425b169b2acb08c0c5d45dcd34e6bb5a1253455094",
                "sha256:844fae2241f60b9ed53bbc292f2e36ae513f9bb2c30b46a7a7547ab257a3c40c",
                "sha256:92a5e27678065adc4d0ff008527772fd58d5e31ccf57a77d2a899219be8193eb",
                "sha256:93de7c9fe78fb095c8f83921c1a37b3ab045e7108b0951b45802f1e6690db8bb",
                "sha256:b5a716defd7246d37d543f3c540f1cf0fc855f0ce660e4a73f0c3c783d398e9f",
                "sha256:dfdb3aa767bb72b34c67c5eafc9d87ef5cb88042cc40e3c2bd24fd51cb61aab4",
                "sha256:fcfd37a07afc20cfe965ecec4385c36203890a202f6632ed3ab10db7c4f0b6f6"
            ],
            "markers": "python_version >= '3.8'",
            "version": "==2024.3.2.0"
        },
        "robotpy-wpiutil": {
            "hashes": [
                "sha256:00a2f2891a836fad00b418a3c6d0f70db1a16342601834c2090d9592d5553324",
                "sha256:0780127251fbce6542a67951e517b0c453153d53b42480e678cc9182e9879674",
                "sha256:0890c342cae1c7cc03df42c247de7aadd95c3dd823068ecd74d18b3561f4ab6d",
                "sha256:4972f2acfae01c0290c057031918dc9bd8c62f6b5c60addaccb2f3e6ad1d3dd0",
                "sha256:ab5c4b9a06f462200fc67d7aaa0854b227c98be9d4bfbdfb929d787b72642a88",
                "sha256:b83f70b378817de29f122f8e5014f612bd72eb83c01e1d37065334e682e8a967",
                "sha256:b983fc0c8b03042fa12475958a828f03493f90a60fff016f192c89cae961c69b",
                "sha256:bf115575d856695481d07d397d3a12e035e71b2b1cbcaac89a8b66b2e855da05",
                "sha256:ccf9f3fbc0e4ea3e7d645bfab9dd5c1f2de7c8f5a01a75d6bd2c37f534e2e855",
                "sha256:db381906eb4ebe482c0bfce34594ce019066ecf473883b5fb3a1aa21a730a1c2",
                "sha256:e7c909fcf28e3d94f70adce57f897e47320edf5bcc45aa3956ce736bd6bc50cc",
                "sha256:f007c94290cebffae26df1ed883e6e7b4320974e99e665561bce8db5ebf1230b",
                "sha256:f2e84699faaa39dec57da370da225d86597dc0d087916a64f0f71da6797302a1",
                "sha256:f3cbbe94443018dccf471b57c270823544c923d2b10b374b6e74e935153baf86",
                "sha256:f92c127f456d74c4c8908403d72eea259d1c0c6bba69d99d00bbeddb3011cfd6"
            ],
            "markers": "python_version >= '3.8'",
            "version": "==2024.3.2.0"
        },
        "setuptools": {
            "hashes": [
                "sha256:54faa7f2e8d2d11bcd2c07bed282eef1046b5c080d1c32add737d7b5817b1ad4",
                "sha256:f211a66637b8fa059bb28183da127d4e86396c991a942b028c6650d4319c3fd0"
            ],
            "markers": "python_version >= '3.8'",
            "version": "==70.0.0"
        },
        "toml": {
            "hashes": [
                "sha256:806143ae5bfb6a3c6e736a764057db0e6a0e05e338b5630894a5f779cabb4f9b",
                "sha256:b3bda1d108d5dd99f4a20d24d9c348e91c4db7ab1b749200bded2f839ccbe68f"
            ],
            "markers": "python_version >= '2.6' and python_version not in '3.0, 3.1, 3.2, 3.3'",
            "version": "==0.10.2"
        },
        "tomli": {
            "hashes": [
                "sha256:939de3e7a6161af0c887ef91b7d41a53e7c5a1ca976325f429cb46ea9bc30ecc",
                "sha256:de526c12914f0c550d15924c62d72abc48d6fe7364aa87328337a31007fe8a4f"
            ],
            "markers": "python_version >= '3.7'",
            "version": "==2.0.1"
        },
        "tomlkit": {
            "hashes": [
                "sha256:af914f5a9c59ed9d0762c7b64d3b5d5df007448eb9cd2edc8a46b1eafead172f",
                "sha256:eef34fba39834d4d6b73c9ba7f3e4d1c417a4e56f89a7e96e090dd0d24b8fb3c"
            ],
            "markers": "python_version >= '3.7'",
            "version": "==0.12.5"
        },
        "typing-extensions": {
            "hashes": [
                "sha256:8cbcdc8606ebcb0d95453ad7dc5065e6237b6aa230a31e81d0f440c30fed5fd8",
                "sha256:b349c66bea9016ac22978d800cfff206d5f9816951f12a7d0ec5578b0a819594"
            ],
            "markers": "python_version >= '3.8'",
            "version": "==4.12.0"
        },
        "wpilib": {
            "extras": [
                "all"
            ],
            "hashes": [
                "sha256:0703d5e4f3f1be08bd2aac3324894ea3983be0c20b6f3fdd9949ffbd9b12f4bd",
                "sha256:09eae37ee6dfcfa116f4fcf7c43a86e7ac4c4e8d1a3070fb67f8ab56862386d0",
                "sha256:2c596589a7be0d10374a5ad4e652495214df4a7e7e24536dfb43dc1312ccfc7f",
                "sha256:70d9f5ab97cf604e144e9e4e782306cca41b90869da0ae598f01d5b6fa88b11d",
                "sha256:957a6737075dbcc185506e1f235ec647e67a309cb5f44a52e0106062f6d5b5a8",
                "sha256:a9db48852468864c5927781281c26ff6bf9af83944450fefab6c161b6f20de54",
                "sha256:bbc2abbe59aebae89c5c7e885bea2a3ba6de02c05fa21e69198f5af5b3adaf5e",
                "sha256:c1b71d890a6696d89fef865651f1d1db2fcd9160829bc94210d95bbc6f821651",
                "sha256:c9b26d3f0c664bdb8963bfa9d4eab15c17860fe55e5586e84eea83bf70603c94",
                "sha256:d00e32ebaf7b256507c6852fda37ddd7cf66ce0759304c66596b71d8888aad93",
                "sha256:e7a19a7e3c2bc2cd20f88f053bdb24a70eeadbf45dfc5eb923ddbc3d2bf886ea",
                "sha256:eb1b86f8f2e6d22700bc7e0ebf2f007612abe27250be7b7c3e4912e1ab26cd25",
                "sha256:ecbb29bfec4fa8defff4805267ccb0a183531f79ac3aa04fa9a44ced4ae14c4c",
                "sha256:fa7e3534533097da5de558b4e457c5e1e9a7f4ca3d1d3aa4b9b28b127b1cc85c",
                "sha256:fcc7abfef7a5961bc3a5f3846c74a3c9a951879f0dec53084e2757e54e70b0c7"
            ],
            "markers": "python_version >= '3.8'",
            "version": "==2024.3.2.0"
        }
    },
    "develop": {}
}
