{
    "_meta": {
        "hash": {
            "sha256": "65b14c1e68836d986cb66561398a455e848e817a29dd5d157cb55c7938104cc7"
        },
        "pipfile-spec": 6,
        "requires": {
            "python_version": "3.11"
        },
        "sources": [
            {
                "name": "pypi",
                "url": "https://pypi.org/simple",
                "verify_ssl": true
            }
        ]
    },
    "default": {
        "bcrypt": {
            "hashes": [
                "sha256:02d9ef8915f72dd6daaef40e0baeef8a017ce624369f09754baf32bb32dba25f",
                "sha256:1c28973decf4e0e69cee78c68e30a523be441972c826703bb93099868a8ff5b5",
                "sha256:2a298db2a8ab20056120b45e86c00a0a5eb50ec4075b6142db35f593b97cb3fb",
                "sha256:33313a1200a3ae90b75587ceac502b048b840fc69e7f7a0905b5f87fac7a1258",
                "sha256:3566a88234e8de2ccae31968127b0ecccbb4cddb629da744165db72b58d88ca4",
                "sha256:387e7e1af9a4dd636b9505a465032f2f5cb8e61ba1120e79a0e1cd0b512f3dfc",
                "sha256:44290ccc827d3a24604f2c8bcd00d0da349e336e6503656cb8192133e27335e2",
                "sha256:57fa9442758da926ed33a91644649d3e340a71e2d0a5a8de064fb621fd5a3326",
                "sha256:68e3c6642077b0c8092580c819c1684161262b2e30c4f45deb000c38947bf483",
                "sha256:69057b9fc5093ea1ab00dd24ede891f3e5e65bee040395fb1e66ee196f9c9b4a",
                "sha256:6cad43d8c63f34b26aef462b6f5e44fdcf9860b723d2453b5d391258c4c8e966",
                "sha256:71b8be82bc46cedd61a9f4ccb6c1a493211d031415a34adde3669ee1b0afbb63",
                "sha256:732b3920a08eacf12f93e6b04ea276c489f1c8fb49344f564cca2adb663b3e4c",
                "sha256:9800ae5bd5077b13725e2e3934aa3c9c37e49d3ea3d06318010aa40f54c63551",
                "sha256:a97e07e83e3262599434816f631cc4c7ca2aa8e9c072c1b1a7fec2ae809a1d2d",
                "sha256:ac621c093edb28200728a9cca214d7e838529e557027ef0581685909acd28b5e",
                "sha256:b8df79979c5bae07f1db22dcc49cc5bccf08a0380ca5c6f391cbb5790355c0b0",
                "sha256:b90e216dc36864ae7132cb151ffe95155a37a14e0de3a8f64b49655dd959ff9c",
                "sha256:ba4e4cc26610581a6329b3937e02d319f5ad4b85b074846bf4fef8a8cf51e7bb",
                "sha256:ba55e40de38a24e2d78d34c2d36d6e864f93e0d79d0b6ce915e4335aa81d01b1",
                "sha256:be3ab1071662f6065899fe08428e45c16aa36e28bc42921c4901a191fda6ee42",
                "sha256:d75fc8cd0ba23f97bae88a6ec04e9e5351ff3c6ad06f38fe32ba50cbd0d11946",
                "sha256:e51c42750b7585cee7892c2614be0d14107fad9581d1738d954a262556dd1aab",
                "sha256:ea505c97a5c465ab8c3ba75c0805a102ce526695cd6818c6de3b1a38f6f60da1",
                "sha256:eb3bd3321517916696233b5e0c67fd7d6281f0ef48e66812db35fc963a422a1c",
                "sha256:f70d9c61f9c4ca7d57f3bfe88a5ccf62546ffbadf3681bb1e268d9d2e41c91a7",
                "sha256:fbe188b878313d01b7718390f31528be4010fed1faa798c5a1d0469c9c48c369"
            ],
            "markers": "python_version >= '3.7'",
            "version": "==4.1.2"
        },
        "cffi": {
            "hashes": [
                "sha256:0c9ef6ff37e974b73c25eecc13952c55bceed9112be2d9d938ded8e856138bcc",
                "sha256:131fd094d1065b19540c3d72594260f118b231090295d8c34e19a7bbcf2e860a",
                "sha256:1b8ebc27c014c59692bb2664c7d13ce7a6e9a629be20e54e7271fa696ff2b417",
                "sha256:2c56b361916f390cd758a57f2e16233eb4f64bcbeee88a4881ea90fca14dc6ab",
                "sha256:2d92b25dbf6cae33f65005baf472d2c245c050b1ce709cc4588cdcdd5495b520",
                "sha256:31d13b0f99e0836b7ff893d37af07366ebc90b678b6664c955b54561fc36ef36",
                "sha256:32c68ef735dbe5857c810328cb2481e24722a59a2003018885514d4c09af9743",
                "sha256:3686dffb02459559c74dd3d81748269ffb0eb027c39a6fc99502de37d501faa8",
                "sha256:582215a0e9adbe0e379761260553ba11c58943e4bbe9c36430c4ca6ac74b15ed",
                "sha256:5b50bf3f55561dac5438f8e70bfcdfd74543fd60df5fa5f62d94e5867deca684",
                "sha256:5bf44d66cdf9e893637896c7faa22298baebcd18d1ddb6d2626a6e39793a1d56",
                "sha256:6602bc8dc6f3a9e02b6c22c4fc1e47aa50f8f8e6d3f78a5e16ac33ef5fefa324",
                "sha256:673739cb539f8cdaa07d92d02efa93c9ccf87e345b9a0b556e3ecc666718468d",
                "sha256:68678abf380b42ce21a5f2abde8efee05c114c2fdb2e9eef2efdb0257fba1235",
                "sha256:68e7c44931cc171c54ccb702482e9fc723192e88d25a0e133edd7aff8fcd1f6e",
                "sha256:6b3d6606d369fc1da4fd8c357d026317fbb9c9b75d36dc16e90e84c26854b088",
                "sha256:748dcd1e3d3d7cd5443ef03ce8685043294ad6bd7c02a38d1bd367cfd968e000",
                "sha256:7651c50c8c5ef7bdb41108b7b8c5a83013bfaa8a935590c5d74627c047a583c7",
                "sha256:7b78010e7b97fef4bee1e896df8a4bbb6712b7f05b7ef630f9d1da00f6444d2e",
                "sha256:7e61e3e4fa664a8588aa25c883eab612a188c725755afff6289454d6362b9673",
                "sha256:80876338e19c951fdfed6198e70bc88f1c9758b94578d5a7c4c91a87af3cf31c",
                "sha256:8895613bcc094d4a1b2dbe179d88d7fb4a15cee43c052e8885783fac397d91fe",
                "sha256:88e2b3c14bdb32e440be531ade29d3c50a1a59cd4e51b1dd8b0865c54ea5d2e2",
                "sha256:8f8e709127c6c77446a8c0a8c8bf3c8ee706a06cd44b1e827c3e6a2ee6b8c098",
                "sha256:9cb4a35b3642fc5c005a6755a5d17c6c8b6bcb6981baf81cea8bfbc8903e8ba8",
                "sha256:9f90389693731ff1f659e55c7d1640e2ec43ff725cc61b04b2f9c6d8d017df6a",
                "sha256:a09582f178759ee8128d9270cd1344154fd473bb77d94ce0aeb2a93ebf0feaf0",
                "sha256:a6a14b17d7e17fa0d207ac08642c8820f84f25ce17a442fd15e27ea18d67c59b",
                "sha256:a72e8961a86d19bdb45851d8f1f08b041ea37d2bd8d4fd19903bc3083d80c896",
                "sha256:abd808f9c129ba2beda4cfc53bde801e5bcf9d6e0f22f095e45327c038bfe68e",
                "sha256:ac0f5edd2360eea2f1daa9e26a41db02dd4b0451b48f7c318e217ee092a213e9",
                "sha256:b29ebffcf550f9da55bec9e02ad430c992a87e5f512cd63388abb76f1036d8d2",
                "sha256:b2ca4e77f9f47c55c194982e10f058db063937845bb2b7a86c84a6cfe0aefa8b",
                "sha256:b7be2d771cdba2942e13215c4e340bfd76398e9227ad10402a8767ab1865d2e6",
                "sha256:b84834d0cf97e7d27dd5b7f3aca7b6e9263c56308ab9dc8aae9784abb774d404",
                "sha256:b86851a328eedc692acf81fb05444bdf1891747c25af7529e39ddafaf68a4f3f",
                "sha256:bcb3ef43e58665bbda2fb198698fcae6776483e0c4a631aa5647806c25e02cc0",
                "sha256:c0f31130ebc2d37cdd8e44605fb5fa7ad59049298b3f745c74fa74c62fbfcfc4",
                "sha256:c6a164aa47843fb1b01e941d385aab7215563bb8816d80ff3a363a9f8448a8dc",
                "sha256:d8a9d3ebe49f084ad71f9269834ceccbf398253c9fac910c4fd7053ff1386936",
                "sha256:db8e577c19c0fda0beb7e0d4e09e0ba74b1e4c092e0e40bfa12fe05b6f6d75ba",
                "sha256:dc9b18bf40cc75f66f40a7379f6a9513244fe33c0e8aa72e2d56b0196a7ef872",
                "sha256:e09f3ff613345df5e8c3667da1d918f9149bd623cd9070c983c013792a9a62eb",
                "sha256:e4108df7fe9b707191e55f33efbcb2d81928e10cea45527879a4749cbe472614",
                "sha256:e6024675e67af929088fda399b2094574609396b1decb609c55fa58b028a32a1",
                "sha256:e70f54f1796669ef691ca07d046cd81a29cb4deb1e5f942003f401c0c4a2695d",
                "sha256:e715596e683d2ce000574bae5d07bd522c781a822866c20495e52520564f0969",
                "sha256:e760191dd42581e023a68b758769e2da259b5d52e3103c6060ddc02c9edb8d7b",
                "sha256:ed86a35631f7bfbb28e108dd96773b9d5a6ce4811cf6ea468bb6a359b256b1e4",
                "sha256:ee07e47c12890ef248766a6e55bd38ebfb2bb8edd4142d56db91b21ea68b7627",
                "sha256:fa3a0128b152627161ce47201262d3140edb5a5c3da88d73a1b790a959126956",
                "sha256:fcc8eb6d5902bb1cf6dc4f187ee3ea80a1eba0a89aba40a5cb20a5087d961357"
            ],
            "markers": "platform_python_implementation != 'PyPy'",
            "version": "==1.16.0"
        },
        "cryptography": {
            "hashes": [
                "sha256:0270572b8bd2c833c3981724b8ee9747b3ec96f699a9665470018594301439ee",
                "sha256:111a0d8553afcf8eb02a4fea6ca4f59d48ddb34497aa8706a6cf536f1a5ec576",
                "sha256:16a48c23a62a2f4a285699dba2e4ff2d1cff3115b9df052cdd976a18856d8e3d",
                "sha256:1b95b98b0d2af784078fa69f637135e3c317091b615cd0905f8b8a087e86fa30",
                "sha256:1f71c10d1e88467126f0efd484bd44bca5e14c664ec2ede64c32f20875c0d413",
                "sha256:2424ff4c4ac7f6b8177b53c17ed5d8fa74ae5955656867f5a8affaca36a27abb",
                "sha256:2bce03af1ce5a5567ab89bd90d11e7bbdff56b8af3acbbec1faded8f44cb06da",
                "sha256:329906dcc7b20ff3cad13c069a78124ed8247adcac44b10bea1130e36caae0b4",
                "sha256:37dd623507659e08be98eec89323469e8c7b4c1407c85112634ae3dbdb926fdd",
                "sha256:3eaafe47ec0d0ffcc9349e1708be2aaea4c6dd4978d76bf6eb0cb2c13636c6fc",
                "sha256:5e6275c09d2badf57aea3afa80d975444f4be8d3bc58f7f80d2a484c6f9485c8",
                "sha256:6fe07eec95dfd477eb9530aef5bead34fec819b3aaf6c5bd6d20565da607bfe1",
                "sha256:7367d7b2eca6513681127ebad53b2582911d1736dc2ffc19f2c3ae49997496bc",
                "sha256:7cde5f38e614f55e28d831754e8a3bacf9ace5d1566235e39d91b35502d6936e",
                "sha256:9481ffe3cf013b71b2428b905c4f7a9a4f76ec03065b05ff499bb5682a8d9ad8",
                "sha256:98d8dc6d012b82287f2c3d26ce1d2dd130ec200c8679b6213b3c73c08b2b7940",
                "sha256:a011a644f6d7d03736214d38832e030d8268bcff4a41f728e6030325fea3e400",
                "sha256:a2913c5375154b6ef2e91c10b5720ea6e21007412f6437504ffea2109b5a33d7",
                "sha256:a30596bae9403a342c978fb47d9b0ee277699fa53bbafad14706af51fe543d16",
                "sha256:b03c2ae5d2f0fc05f9a2c0c997e1bc18c8229f392234e8a0194f202169ccd278",
                "sha256:b6cd2203306b63e41acdf39aa93b86fb566049aeb6dc489b70e34bcd07adca74",
                "sha256:b7ffe927ee6531c78f81aa17e684e2ff617daeba7f189f911065b2ea2d526dec",
                "sha256:b8cac287fafc4ad485b8a9b67d0ee80c66bf3574f655d3b97ef2e1082360faf1",
                "sha256:ba334e6e4b1d92442b75ddacc615c5476d4ad55cc29b15d590cc6b86efa487e2",
                "sha256:ba3e4a42397c25b7ff88cdec6e2a16c2be18720f317506ee25210f6d31925f9c",
                "sha256:c41fb5e6a5fe9ebcd58ca3abfeb51dffb5d83d6775405305bfa8715b76521922",
                "sha256:cd2030f6650c089aeb304cf093f3244d34745ce0cfcc39f20c6fbfe030102e2a",
                "sha256:cd65d75953847815962c84a4654a84850b2bb4aed3f26fadcc1c13892e1e29f6",
                "sha256:e4985a790f921508f36f81831817cbc03b102d643b5fcb81cd33df3fa291a1a1",
                "sha256:e807b3188f9eb0eaa7bbb579b462c5ace579f1cedb28107ce8b48a9f7ad3679e",
                "sha256:f12764b8fffc7a123f641d7d049d382b73f96a34117e0b637b80643169cec8ac",
                "sha256:f8837fe1d6ac4a8052a9a8ddab256bc006242696f03368a4009be7ee3075cdb7"
            ],
            "markers": "python_version >= '3.7'",
            "version": "==42.0.5"
        },
        "iniconfig": {
            "hashes": [
                "sha256:2d91e135bf72d31a410b17c16da610a82cb55f6b0477d1a902134b24a455b8b3",
                "sha256:b6a85871a79d2e3b22d2d1b94ac2824226a63c6b741c88f7ae975f18b6778374"
            ],
            "markers": "python_version >= '3.7'",
            "version": "==2.0.0"
        },
        "numpy": {
            "hashes": [
                "sha256:03a8c78d01d9781b28a6989f6fa1bb2c4f2d51201cf99d3dd875df6fbd96b23b",
                "sha256:08beddf13648eb95f8d867350f6a018a4be2e5ad54c8d8caed89ebca558b2818",
                "sha256:1af303d6b2210eb850fcf03064d364652b7120803a0b872f5211f5234b399f20",
                "sha256:1dda2e7b4ec9dd512f84935c5f126c8bd8b9f2fc001e9f54af255e8c5f16b0e0",
                "sha256:2a02aba9ed12e4ac4eb3ea9421c420301a0c6460d9830d74a9df87efa4912010",
                "sha256:2e4ee3380d6de9c9ec04745830fd9e2eccb3e6cf790d39d7b98ffd19b0dd754a",
                "sha256:3373d5d70a5fe74a2c1bb6d2cfd9609ecf686d47a2d7b1d37a8f3b6bf6003aea",
                "sha256:47711010ad8555514b434df65f7d7b076bb8261df1ca9bb78f53d3b2db02e95c",
                "sha256:4c66707fabe114439db9068ee468c26bbdf909cac0fb58686a42a24de1760c71",
                "sha256:50193e430acfc1346175fcbdaa28ffec49947a06918b7b92130744e81e640110",
                "sha256:52b8b60467cd7dd1e9ed082188b4e6bb35aa5cdd01777621a1658910745b90be",
                "sha256:60dedbb91afcbfdc9bc0b1f3f402804070deed7392c23eb7a7f07fa857868e8a",
                "sha256:62b8e4b1e28009ef2846b4c7852046736bab361f7aeadeb6a5b89ebec3c7055a",
                "sha256:666dbfb6ec68962c033a450943ded891bed2d54e6755e35e5835d63f4f6931d5",
                "sha256:675d61ffbfa78604709862923189bad94014bef562cc35cf61d3a07bba02a7ed",
                "sha256:679b0076f67ecc0138fd2ede3a8fd196dddc2ad3254069bcb9faf9a79b1cebcd",
                "sha256:7349ab0fa0c429c82442a27a9673fc802ffdb7c7775fad780226cb234965e53c",
                "sha256:7ab55401287bfec946ced39700c053796e7cc0e3acbef09993a9ad2adba6ca6e",
                "sha256:7e50d0a0cc3189f9cb0aeb3a6a6af18c16f59f004b866cd2be1c14b36134a4a0",
                "sha256:95a7476c59002f2f6c590b9b7b998306fba6a5aa646b1e22ddfeaf8f78c3a29c",
                "sha256:96ff0b2ad353d8f990b63294c8986f1ec3cb19d749234014f4e7eb0112ceba5a",
                "sha256:9fad7dcb1aac3c7f0584a5a8133e3a43eeb2fe127f47e3632d43d677c66c102b",
                "sha256:9ff0f4f29c51e2803569d7a51c2304de5554655a60c5d776e35b4a41413830d0",
                "sha256:a354325ee03388678242a4d7ebcd08b5c727033fcff3b2f536aea978e15ee9e6",
                "sha256:a4abb4f9001ad2858e7ac189089c42178fcce737e4169dc61321660f1a96c7d2",
                "sha256:ab47dbe5cc8210f55aa58e4805fe224dac469cde56b9f731a4c098b91917159a",
                "sha256:afedb719a9dcfc7eaf2287b839d8198e06dcd4cb5d276a3df279231138e83d30",
                "sha256:b3ce300f3644fb06443ee2222c2201dd3a89ea6040541412b8fa189341847218",
                "sha256:b97fe8060236edf3662adfc2c633f56a08ae30560c56310562cb4f95500022d5",
                "sha256:bfe25acf8b437eb2a8b2d49d443800a5f18508cd811fea3181723922a8a82b07",
                "sha256:cd25bcecc4974d09257ffcd1f098ee778f7834c3ad767fe5db785be9a4aa9cb2",
                "sha256:d209d8969599b27ad20994c8e41936ee0964e6da07478d6c35016bc386b66ad4",
                "sha256:d5241e0a80d808d70546c697135da2c613f30e28251ff8307eb72ba696945764",
                "sha256:edd8b5fe47dab091176d21bb6de568acdd906d1887a4584a15a9a96a1dca06ef",
                "sha256:f870204a840a60da0b12273ef34f7051e98c3b5961b61b0c2c1be6dfd64fbcd3",
                "sha256:ffa75af20b44f8dba823498024771d5ac50620e6915abac414251bd971b4529f"
            ],
            "index": "pypi",
            "markers": "python_version >= '3.9'",
            "version": "==1.26.4"
        },
        "packaging": {
            "hashes": [
                "sha256:048fb0e9405036518eaaf48a55953c750c11e1a1b68e0dd1a9d62ed0c092cfc5",
                "sha256:8c491190033a9af7e1d931d0b5dacc2ef47509b34dd0de67ed209b5203fc88c7"
            ],
            "markers": "python_version >= '3.7'",
            "version": "==23.2"
        },
        "paramiko": {
            "hashes": [
                "sha256:43f0b51115a896f9c00f59618023484cb3a14b98bbceab43394a39c6739b7ee7",
                "sha256:aac08f26a31dc4dffd92821527d1682d99d52f9ef6851968114a8728f3c274d3"
            ],
            "markers": "python_version >= '3.6'",
            "version": "==3.4.0"
        },
        "phoenix6": {
            "hashes": [
                "sha256:060271c9df9d79317e2d58ad01f694979dc1375c2047148d87cf95d9b9f58424",
                "sha256:31d5f492f5643bcb8808950145657db40966701de59d67792964c3f15f2982ff",
                "sha256:5435ad068fbb66a7df1e12ce5ab91086b9c197fb50ac7a05fec6fa823d151ab0",
                "sha256:72f994233822bd28db1939e18bf49d1c3b8497c179d3af1acb6af86fddaa9f89",
                "sha256:7896b004f08733cfc9362d86b694a5d0d375b96a2f796ffd20cd62739b4dc97c"
            ],
            "markers": "python_version >= '3.7' and python_version < '4'",
            "version": "==24.2.0"
        },
        "pint": {
            "hashes": [
                "sha256:df79b6b5f1beb7ed0cd55d91a0766fc55f972f757a9364e844958c05e8eb66f9",
                "sha256:e1509b91606dbc52527c600a4ef74ffac12fff70688aff20e9072409346ec9b4"
            ],
            "markers": "python_version >= '3.9'",
            "version": "==0.23"
        },
        "pluggy": {
            "hashes": [
                "sha256:7db9f7b503d67d1c5b95f59773ebb58a8c1c288129a88665838012cfb07b8981",
                "sha256:8c85c2876142a764e5b7548e7d9a0e0ddb46f5185161049a79b7e974454223be"
            ],
            "markers": "python_version >= '3.8'",
            "version": "==1.4.0"
        },
        "pycparser": {
            "hashes": [
                "sha256:8ee45429555515e1f6b185e78100aea234072576aa43ab53aefcae078162fca9",
                "sha256:e644fdec12f7872f86c58ff790da456218b10f863970249516d60a5eaca77206"
            ],
            "version": "==2.21"
        },
        "pyfrc": {
            "hashes": [
                "sha256:011076dbc62606b08eec6eb1bb30497d085d34cb71537a7ce0d06f44c8492855",
                "sha256:2386be296bfb7e482a26c25e85ee61495ea10154f920d7450fec575defb8cc05"
            ],
            "markers": "platform_machine != 'roborio' and platform_machine != 'armv7l' and platform_machine != 'aarch64'",
            "version": "==2024.0.1"
        },
        "pynacl": {
            "hashes": [
                "sha256:06b8f6fa7f5de8d5d2f7573fe8c863c051225a27b61e6860fd047b1775807858",
                "sha256:0c84947a22519e013607c9be43706dd42513f9e6ae5d39d3613ca1e142fba44d",
                "sha256:20f42270d27e1b6a29f54032090b972d97f0a1b0948cc52392041ef7831fee93",
                "sha256:401002a4aaa07c9414132aaed7f6836ff98f59277a234704ff66878c2ee4a0d1",
                "sha256:52cb72a79269189d4e0dc537556f4740f7f0a9ec41c1322598799b0bdad4ef92",
                "sha256:61f642bf2378713e2c2e1de73444a3778e5f0a38be6fee0fe532fe30060282ff",
                "sha256:8ac7448f09ab85811607bdd21ec2464495ac8b7c66d146bf545b0f08fb9220ba",
                "sha256:a36d4a9dda1f19ce6e03c9a784a2921a4b726b02e1c736600ca9c22029474394",
                "sha256:a422368fc821589c228f4c49438a368831cb5bbc0eab5ebe1d7fac9dded6567b",
                "sha256:e46dae94e34b085175f8abb3b0aaa7da40767865ac82c928eeb9e57e1ea8a543"
            ],
            "markers": "python_version >= '3.6'",
            "version": "==1.5.0"
        },
        "pynetconsole": {
            "hashes": [
                "sha256:3f6b51e3c943e900578ce92a85104d45784ea522863b025816cc7d580bd00069",
                "sha256:a02a9a6538b63ab63ffb480a0e5c1485aa5f393da6a20f780a6b082c971762d5"
            ],
            "markers": "python_version >= '3.6'",
            "version": "==2.0.4"
        },
        "pyntcore": {
            "hashes": [
                "sha256:14d31540c29cdbc6bfbfc81b9b3e1535b91aec03bf012e42bb388a9ee450cca2",
                "sha256:178900b7e1bc82fe1dd2c2eb73279de5154d0df4785f259fe773e42782d788f9",
                "sha256:2707b0b52ef1979b60a472e55ef8837c9c594377075824bb4317e584ff043b27",
                "sha256:34c0e34f28eaeb9ef3e096ba49b4cc48a5e663ebf6578ce9595ab0851a73a1de",
                "sha256:355e6fc18b8a2bd2b3fb6467428f42bde1615444d2dc9ee96bbeb4ad8a5d0936",
                "sha256:3f5b8b2f5828d2320b95c55211f85d5ab958d485b76b189dddfc5bce48b54a2c",
                "sha256:55050ced774f897fbe79063f2b3f460ee60df348c7cf5141784a6f07b2b59ca6",
                "sha256:5f805578f476b725e32a8250af8bb953f526c1fa742e851d258757229cce07c8",
                "sha256:615c960729c49ca0dccfd4b598ac1809637e13efbdbb995ec35837101d8ba342",
                "sha256:7c3ab86b83761787887eec530bdfacd3fb21c8deaf9edcf03ca1c3d33d87eb5d",
                "sha256:9c61bbf21bbb82a7dcf18c5501952f5bff79d35c6874a0f66adeb0ac38f85a18",
                "sha256:b128cd909c4e3bfda7a3520d0a881d73df6430355fae3883da23bd63c9a519c4",
                "sha256:ce0b197325dee06699c007538c3a46833a07fc48179d202a920052e363916370",
                "sha256:da4f8bb3d1428de15bf265fe21e70e17c221b620df069c6a30d59431d7f70357",
                "sha256:f4689b90e35b0630ca35b0803d7d2b4e993d9cc13073dc11e49c0823be5570fb"
            ],
            "markers": "python_version >= '3.8'",
            "version": "==2024.3.2.0"
        },
        "pytest": {
            "hashes": [
                "sha256:2a8386cfc11fa9d2c50ee7b2a57e7d898ef90470a7a34c4b949ff59662bb78b7",
                "sha256:ac978141a75948948817d360297b7aae0fcb9d6ff6bc9ec6d514b85d5a65c044"
            ],
            "markers": "python_version >= '3.8'",
            "version": "==8.1.1"
        },
        "pytest-reraise": {
            "hashes": [
                "sha256:5ab59bd0e2028be095289e6dfc9e36cc0b56936465278f3223e81bea0f2d1c70",
                "sha256:c22430d33b2cc18905959d7af28978e371113fcc6ef67b5fec95efcd80b88c16"
            ],
            "markers": "python_full_version >= '3.6.1' and python_full_version < '4.0.0'",
            "version": "==2.1.2"
        },
        "robotpy": {
            "hashes": [
                "sha256:8fa2d54a94182d3fda8cf12df928d48237598d6c2e1624e0803a0589ce74c4cd",
                "sha256:ac4de7f1074f7a1483cd7ec7ee965408762bcbff7ab24df5001c4c5ed261be3d"
            ],
            "index": "pypi",
            "markers": "python_version < '3.13' and python_version >= '3.8'",
            "version": "==2024.3.2.1"
        },
        "robotpy-cli": {
            "hashes": [
                "sha256:9284035fa67058b33593b1846e13501eda0861fb9d9adce4bd01b101c9f1f26e",
                "sha256:e6519f06856eb0a7ef5f25a57bfc8dcb20635cef84706fb37c0b602d59e33f39"
            ],
            "markers": "python_version >= '3.8'",
            "version": "==2024.0.0"
        },
        "robotpy-commands-v2": {
            "hashes": [
                "sha256:94c2779a13c46c27f1454b170f01fb9c1c9e6a02d7b8fccaa86cd4e5c87d2435",
                "sha256:bd7caf6060413d1b70bcedab665fb24ee2deed9169aeee611efb62a9dbf40852"
            ],
            "index": "pypi",
            "markers": "python_version >= '3.8'",
            "version": "==2024.3.1"
        },
        "robotpy-ctre": {
            "hashes": [
                "sha256:02ea6ea667c56cb6a2cb2d2be6460224eabd407c8af70ac7b4b35768a3f2a88f",
                "sha256:042a2f78dbe56fc4e180a973dfb893a75aab47a8316c75e4458992d188463dfc",
                "sha256:1f2967bfcd3ae1a05dfeccff456a2c309f9aef756a0623104d4e112f9b98c0c1",
                "sha256:21eedd38d2037f4ab5625925d4473102b9a7d6931d0032132228ebdb07402dba",
                "sha256:258bb99915fa47a37b8e3e666d0c4b31a14001f6fbdb7a0fc5c374108b801815",
                "sha256:3ea7b4b9b2cdad8282887aeef11e63506db935c0be1025e2b71adb5425d8097c",
                "sha256:4887819bef9fa33572ec98e81cf491bcc293a5254347ff4c8e963d093002ec1b",
                "sha256:b626d60eaea68fff123162acab625a31154f58c8d9920809dac2a04182fd3e65",
                "sha256:bbc4e15c7b9ab34d0f531973ad3c41b47139f59e598ef8344f6f7187f9936d97",
                "sha256:c111e251c57261901e0a83ef42346443a5d677e1db15375bc330258c6a9040dd",
                "sha256:c906ff8d571c098c63c43722fd7ef8827feda1734e36e4f2f68cde65394d43c9",
                "sha256:d1eaf4cf5a4f103a0c896a1a7335c379f307697296f4877956b5da0bc1963978",
                "sha256:e9d68e7fd7f0aeed596ea6d6b7fd186f671e6fed2f641be5490ce087f28899ea"
            ],
            "index": "pypi",
            "markers": "python_version >= '3.8'",
            "version": "==2024.1.3"
        },
        "robotpy-hal": {
            "hashes": [
                "sha256:0c2e3cdc981f9dc6c2b90d31f70bb27b4c91b79347deb4058c753af76d97421b",
                "sha256:2132d8fc81dce244191759333d4be8ac1143c5a2b5654a2bc877fee4f7a18b5e",
                "sha256:3f820b53cf5ef6f02d58ddb1d56fcc794402c826c3da884d9ab17839fd7c7684",
                "sha256:4593d4130ba50819df7fdcc0e895fca7ad19a9be6c810bbe10dd8e7b431218ec",
                "sha256:4e4b605c219647402733e66532a142f2e71e37b78e3507cfb9e7c031eb5ffa0a",
                "sha256:6367540610d4398bb6d81922d540c2665115e3167d9c263b4fb2aaf7364f4c5a",
                "sha256:714fb5b73eaf758b69a8a506f6ede60ca16d4036014eae383b2493f885d6cfd7",
                "sha256:7f502f2e63afa843e58cff9ca122db715fd5cf5bb2d7b1af560eaa74594de3a9",
                "sha256:8da8365f09e7cb2287d9b50e8ebe1a117f47f1cf7cf2c4ebe75146b4d6ec7189",
                "sha256:cc234d00b6e274641b7ab8081f7d1029c1fd1d95469fe92e0df9498ed847bab7",
                "sha256:d0f5cb41e006df75745757818d15355902632a919e029a692a98fa1af27c4513",
                "sha256:dd99c37d74429f739e94fc2168a1fe4ded3d7234a4f6d425cf10283adfe0ba5f",
                "sha256:e02088620b2809000c85e2f8da9a6cc7a58592e5fa81b9b75d33e83e5dce8d2f",
                "sha256:f6da11a7e1619fa591cca78dfd866aaa5f46e03e7436c98f5ef98d71eaa97562",
                "sha256:f82d2ae057d86a59c4379f67b43fa304d999e90f6b3f84ff877abc16844d7d0e"
            ],
            "markers": "python_version >= '3.8'",
            "version": "==2024.3.2.0"
        },
        "robotpy-halsim-gui": {
            "hashes": [
                "sha256:009a81a524cbfa0e7de0756b1eeb50d64f908e16991c60507dd2b1c2feb20c2f",
                "sha256:13c658b0292784d242569ae686b8bafd1035f6bdeb4a1784c23c56987d8f82f4",
                "sha256:2006162cb96fda821c5f94679168374de2fbeeb3d61150dda6cfe5ab33bb17e5",
                "sha256:27804d6a0c32caafb9db82311e6b56fe9699b67e12fdcbdee921124a7b080c0a",
                "sha256:27ecfc05f54d48ecf228198daa6fb02ef9589d42efe08f40bd557d3066e1dc43",
                "sha256:4a39ec0c0c383f78504467408caa086d59db9e991d594c46a3d80a95ccac5b9d",
                "sha256:50d8d8e576f24ebed2090824fbb48f5b1be7d435af78f907fe9f2ef8bbd63b32",
                "sha256:5d9f700239ef755da05d71910dc04daec74ac7cc11e61bd38b07ae02b382c24b",
                "sha256:63a3a4926af23d1f3f9224490ffed605dca86ccf14294906871ff847d15c3c68",
                "sha256:93bd1df2e5933f63767bdc63246adeee2c10c24b13bbfd1b3e02862c5c0a8789",
                "sha256:ad048ce936c732c031600e41d19eac23f541ee5021f72daaf89a74e00c5b1ff7",
                "sha256:c121d48984e12b3631d5af5b7988d181de670507f0afd29f129cabf04951e062",
                "sha256:d81f96bc3f3eb46694b18ee35c641cf49070020d793a34b74147d1bd56972060",
                "sha256:ef94a2d1261aaa24cd6c74ac5a301b4b11ee377adeac8eebbf0a0a3dbadd8d2d",
                "sha256:fef848f7da5042776dedb2566da3d8d854ced2871f7f9aaad921155b9c93f3c4"
            ],
            "markers": "platform_machine != 'roborio' and platform_machine != 'armv7l' and platform_machine != 'aarch64'",
            "version": "==2024.3.2.0"
        },
        "robotpy-installer": {
            "hashes": [
                "sha256:12e243acd6b956f80f7985e40ea8b331819ff4d6324a7c541b7045ac32678087",
                "sha256:510cc4c7cc11b0fd248604d7dd7eb366b9018b53b9cb36c06306e762c92bfea7"
            ],
            "markers": "platform_machine != 'roborio' and platform_machine != 'armv7l' and platform_machine != 'aarch64'",
            "version": "==2024.2.2"
        },
        "robotpy-pathplannerlib": {
            "hashes": [
                "sha256:707fb7bb36f34aea82b5d710204ab84f06f980e36a007b06d6eecacf230f6fa8",
                "sha256:f3b1c775c177670bfa46db76c55ebb490b00f5ff8770bb0f7866988789a08978"
            ],
            "index": "pypi",
            "markers": "python_version >= '3.8'",
            "version": "==2024.2.7"
        },
        "robotpy-rev": {
            "hashes": [
                "sha256:01e28fdcbd34ea78a48e71f234df2b4b3d9620684f4456226431f948b9d2631f",
                "sha256:12b3ff28f29abe0617ada2239145c9660d8a4909ebbcf56a331f57abbee76402",
                "sha256:256959b84768e36d782e1614a964dd81a60b11decfb501a2b4d2ff1d50e10632",
                "sha256:31cac58fca644490ada4d9f11c3a928c3a35aeb84023e885cb9da2eeec6a6446",
                "sha256:36a056bfc00db0270e2bc0029a8b75b94527e727f016b5df295b8032e1536a16",
                "sha256:3998a8bac05dc347b08b815d961c6e87e7dca73efed1bbab69f9b94ecc68825e",
                "sha256:4923104570dec99ac1f14142268ffc951c47c10fb81b35f495dec90bcf94b023",
                "sha256:4a57c9c87dbda385ec9e6446b65c024aecccfea017f56c036e88909b959e4ddc",
                "sha256:58622129df8959de7d2d2c2b969c1003661f37a229ce1b4cc23fef60132970b3",
                "sha256:99df945141f8ca4452c088f4fc183675e740a32130d5289c6a44cb48581512ed",
                "sha256:a9a3b6102cc68c4625c3394278ff9ff0e4810b5298631aa15508de372286389f",
                "sha256:c537ac3137190d435db30ac04a7cf26cc1889c69db6ff6752c1c6149a0e8b6cf",
                "sha256:d303f77d92b94e681f62cdca31aa9009217779f33ce8d0b4b1faf234541c329c",
                "sha256:d45578fc006a141dfa592e73959268985647fc6a01042d1bf73c0ac74c0cb703",
                "sha256:eaf1da563d348acd22a556626d130587ff453a38de4dee8ed9951e7de212edf1",
                "sha256:ee849c03bc10762ffde93144ac9113f03e7376a475c6ede800eb0eef68d6efe8"
            ],
            "index": "pypi",
            "markers": "python_version >= '3.8'",
            "version": "==2024.2.3"
        },
        "robotpy-wpilib-utilities": {
            "hashes": [
                "sha256:da0d3495d28b8f758c0bc12f1075996273aae831c5dd9d85d6b0581f8f08bcaa",
                "sha256:f2e7e512e3e9ad938893175b22c827f97d0866ade47f34c25d68622c3f8a4c3a"
            ],
            "markers": "python_version >= '3.8'",
            "version": "==2024.0.0"
        },
        "robotpy-wpimath": {
            "hashes": [
                "sha256:0844991c6c84747f32274628d3eb15f7082458090fed015fe4f7dbd08fcbdb4c",
                "sha256:11317568377dbc5a5e3bf4e9237284ed987079739098a0a256407ab9ddc918c1",
                "sha256:1575f6dbfe08b18e1cd5d9f55cbc7afd77af16263be41d138d2725de47206318",
                "sha256:2f0c4168f128bef603b55cf926cedad27eed0a98824a4fe244de51db48e0d05d",
                "sha256:3a21af9d3abc70d68b6673fd1f7bae60fe783dc0e9b4c926e99f725568c26149",
                "sha256:6813e4a22b9463410eb5bcd7c838a04ef1fd59c3590ef21176c7c1d7c74bb5cc",
                "sha256:a474951a3dcf80154aad597d46eb26de7e485145228e8e2892a0adc3cc98e3fd",
                "sha256:abd2a365a5edd9f6caca56540a48256549cedef490f3286274443fd9a8f703e6",
                "sha256:b0ea369700298164608e841c1696fc2ef5b300019930c8f99356ea8fb86051dd",
                "sha256:b2d5f852c734b53fab279532a0ac47cb9570036208543a01cbd10aeb3a73fa70",
                "sha256:c869321476107422e841312a8076c6676a538e05023b8cf3f991be197c85d087",
                "sha256:e2b2670939545b80afd85692031e86f2a53da5b5ecdf97baaa96cb687067294f",
                "sha256:e7b3b8759d1c791c95f8a62199f4038c4c485b85e0cb160d4c93120591795269",
                "sha256:f8fa6599331b31cc64951058eea2e52336d2bf8e3c7704c6bc422261c0b82431",
                "sha256:fbc80e929cba60d25208d167f573a1151a8f8851a66a670fe464ef0c53fee76a"
            ],
            "markers": "python_version >= '3.8'",
            "version": "==2024.3.2.0"
        },
        "robotpy-wpinet": {
            "hashes": [
                "sha256:05f52054c46f41e1f5e98601cb9699e5975874b5fd8a7b65bf21437a10df262c",
                "sha256:065d15086723565169240711ffc4f66994d5c9e90c5979e5c86d2551fed7ecd9",
                "sha256:132906e671d3bb1e1775817ecf3fa375e8f95a2ad11288ad7fec8a3b47c21685",
                "sha256:45f5e0459f41b8ff5bd1c323fb3d969bddfdaf7d34f36c995d57e7216743a882",
                "sha256:568d54a3cd234228af96e1b46debbc166224a41eb8f2ceb18efcad7179ee9864",
                "sha256:61536f024ab59a4ad56cb88608708188590b90307436eef87dda465ddf59553e",
                "sha256:64a0cbbe5cb9e043e06f66e9388cff1a3f057f4150232629e93ab7b71c4366ff",
                "sha256:7ca88041bc5837fd59814ed471c78afe053ce20806d858f5d627389cf9a011c1",
                "sha256:802e398e55a5c9e1f7a60b425b169b2acb08c0c5d45dcd34e6bb5a1253455094",
                "sha256:844fae2241f60b9ed53bbc292f2e36ae513f9bb2c30b46a7a7547ab257a3c40c",
                "sha256:92a5e27678065adc4d0ff008527772fd58d5e31ccf57a77d2a899219be8193eb",
                "sha256:93de7c9fe78fb095c8f83921c1a37b3ab045e7108b0951b45802f1e6690db8bb",
                "sha256:b5a716defd7246d37d543f3c540f1cf0fc855f0ce660e4a73f0c3c783d398e9f",
                "sha256:dfdb3aa767bb72b34c67c5eafc9d87ef5cb88042cc40e3c2bd24fd51cb61aab4",
                "sha256:fcfd37a07afc20cfe965ecec4385c36203890a202f6632ed3ab10db7c4f0b6f6"
            ],
            "markers": "python_version >= '3.8'",
            "version": "==2024.3.2.0"
        },
        "robotpy-wpiutil": {
            "hashes": [
                "sha256:00a2f2891a836fad00b418a3c6d0f70db1a16342601834c2090d9592d5553324",
                "sha256:0780127251fbce6542a67951e517b0c453153d53b42480e678cc9182e9879674",
                "sha256:0890c342cae1c7cc03df42c247de7aadd95c3dd823068ecd74d18b3561f4ab6d",
                "sha256:4972f2acfae01c0290c057031918dc9bd8c62f6b5c60addaccb2f3e6ad1d3dd0",
                "sha256:ab5c4b9a06f462200fc67d7aaa0854b227c98be9d4bfbdfb929d787b72642a88",
                "sha256:b83f70b378817de29f122f8e5014f612bd72eb83c01e1d37065334e682e8a967",
                "sha256:b983fc0c8b03042fa12475958a828f03493f90a60fff016f192c89cae961c69b",
                "sha256:bf115575d856695481d07d397d3a12e035e71b2b1cbcaac89a8b66b2e855da05",
                "sha256:ccf9f3fbc0e4ea3e7d645bfab9dd5c1f2de7c8f5a01a75d6bd2c37f534e2e855",
                "sha256:db381906eb4ebe482c0bfce34594ce019066ecf473883b5fb3a1aa21a730a1c2",
                "sha256:e7c909fcf28e3d94f70adce57f897e47320edf5bcc45aa3956ce736bd6bc50cc",
                "sha256:f007c94290cebffae26df1ed883e6e7b4320974e99e665561bce8db5ebf1230b",
                "sha256:f2e84699faaa39dec57da370da225d86597dc0d087916a64f0f71da6797302a1",
                "sha256:f3cbbe94443018dccf471b57c270823544c923d2b10b374b6e74e935153baf86",
                "sha256:f92c127f456d74c4c8908403d72eea259d1c0c6bba69d99d00bbeddb3011cfd6"
            ],
            "markers": "python_version >= '3.8'",
            "version": "==2024.3.2.0"
        },
        "setuptools": {
            "hashes": [
                "sha256:0ff4183f8f42cd8fa3acea16c45205521a4ef28f73c6391d8a25e92893134f2e",
                "sha256:c21c49fb1042386df081cb5d86759792ab89efca84cf114889191cd09aacc80c"
            ],
            "markers": "python_version >= '3.8'",
            "version": "==69.2.0"
        },
        "tomli": {
            "hashes": [
                "sha256:939de3e7a6161af0c887ef91b7d41a53e7c5a1ca976325f429cb46ea9bc30ecc",
                "sha256:de526c12914f0c550d15924c62d72abc48d6fe7364aa87328337a31007fe8a4f"
            ],
            "markers": "python_version >= '3.7'",
            "version": "==2.0.1"
        },
        "tomlkit": {
            "hashes": [
                "sha256:5cd82d48a3dd89dee1f9d64420aa20ae65cfbd00668d6f094d7578a78efbb77b",
                "sha256:7ca1cfc12232806517a8515047ba66a19369e71edf2439d0f5824f91032b6cc3"
            ],
            "markers": "python_version >= '3.7'",
            "version": "==0.12.4"
        },
        "typing-extensions": {
            "hashes": [
                "sha256:6f1117ac0cbe64536f34520c4688cd144794f9b1d79690bfe0389aa12a347976",
                "sha256:7427ef26efa5e4e465e3765af0e52d3897e3684c908efe20e3331e1ce51884b3"
            ],
            "markers": "python_version >= '3.8'",
            "version": "==4.11.0rc1"
        },
        "wpilib": {
            "extras": [
                "all"
            ],
            "hashes": [
                "sha256:0703d5e4f3f1be08bd2aac3324894ea3983be0c20b6f3fdd9949ffbd9b12f4bd",
                "sha256:09eae37ee6dfcfa116f4fcf7c43a86e7ac4c4e8d1a3070fb67f8ab56862386d0",
                "sha256:2c596589a7be0d10374a5ad4e652495214df4a7e7e24536dfb43dc1312ccfc7f",
                "sha256:70d9f5ab97cf604e144e9e4e782306cca41b90869da0ae598f01d5b6fa88b11d",
                "sha256:957a6737075dbcc185506e1f235ec647e67a309cb5f44a52e0106062f6d5b5a8",
                "sha256:a9db48852468864c5927781281c26ff6bf9af83944450fefab6c161b6f20de54",
                "sha256:bbc2abbe59aebae89c5c7e885bea2a3ba6de02c05fa21e69198f5af5b3adaf5e",
                "sha256:c1b71d890a6696d89fef865651f1d1db2fcd9160829bc94210d95bbc6f821651",
                "sha256:c9b26d3f0c664bdb8963bfa9d4eab15c17860fe55e5586e84eea83bf70603c94",
                "sha256:d00e32ebaf7b256507c6852fda37ddd7cf66ce0759304c66596b71d8888aad93",
                "sha256:e7a19a7e3c2bc2cd20f88f053bdb24a70eeadbf45dfc5eb923ddbc3d2bf886ea",
                "sha256:eb1b86f8f2e6d22700bc7e0ebf2f007612abe27250be7b7c3e4912e1ab26cd25",
                "sha256:ecbb29bfec4fa8defff4805267ccb0a183531f79ac3aa04fa9a44ced4ae14c4c",
                "sha256:fa7e3534533097da5de558b4e457c5e1e9a7f4ca3d1d3aa4b9b28b127b1cc85c",
                "sha256:fcc7abfef7a5961bc3a5f3846c74a3c9a951879f0dec53084e2757e54e70b0c7"
            ],
            "markers": "python_version >= '3.8'",
            "version": "==2024.3.2.0"
        }
    },
    "develop": {}
}
