{
    "_meta": {
        "hash": {
            "sha256": "e51b4a093227813590fb89ffff3b65d5692aa47877734672b9a6530b6df5203c"
        },
        "pipfile-spec": 6,
        "requires": {
            "python_version": "3.10"
        },
        "sources": [
            {
                "name": "pypi",
                "url": "https://pypi.org/simple",
                "verify_ssl": true
            }
        ]
    },
    "default": {
        "pyntcore": {
            "hashes": [
                "sha256:089c9721b1aeba6f31f211a9033af9600cabb9148996d1b019cbc03eb4bd3d0b",
                "sha256:2fd033786a948b0d63bd6596e9cf5ad0386f472abefe7cc1271edec85bb4c4e8",
                "sha256:3422f6b07d0c5025e8c87b37964f7a9bc512d3c8087c5a1f88eaffdbbd220781",
                "sha256:3f6961b8576e8a8a80d8ef28fae1129c53c1e5a91b231a12a9328ab4c6d1f9b1",
                "sha256:479b8ca8d3611f85ab2c5dcca39af299f40db3d7ba4efe9256842f067a4443df",
                "sha256:57080b81dbca5e0b28715f19867b848aa5534e09088d5b66d76b64f7cee998ee",
                "sha256:6463a5640e52ac0ddda10649babf10616c6278858d5122363d09ff6784dca99e",
                "sha256:6f0f5a89ae8a70c3994853f2ba1c29a73f3f6acf8becce71c60c232158f9db3f",
                "sha256:803a3ce467527928e22e57c99525a923b79ba716dde9c94d1807b11caba09603",
                "sha256:9d4afd35d0d38c30f3ad1de5e9d1bdf53d64e560fe3791536d7ea1b36f58ebbb",
                "sha256:a30e97a6971fadaceacb7e357670d22af55d810d081a8b7cf808db7c62425096",
                "sha256:a368189aa878be535ba2dd8c6e21173a45e2ccf446b6ef5904da4d07b2ec3acc",
                "sha256:c6bd974f2e0eaa3f9f9705fe641793bc759268d75cb9cc424e20a97d587971e1",
                "sha256:e68a04a9723d8c2300c1057a69cab1544ac60133b2506c45ecb16838f563d6a0",
                "sha256:e93aa0c9951722e0b69288c2792f2bc2a7a65d02b26f8e8230de1edc371bf250"
            ],
            "markers": "python_version >= '3.8'",
            "version": "==2024.1.1.1"
        },
        "robotpy-cli": {
            "hashes": [
                "sha256:9284035fa67058b33593b1846e13501eda0861fb9d9adce4bd01b101c9f1f26e",
                "sha256:e6519f06856eb0a7ef5f25a57bfc8dcb20635cef84706fb37c0b602d59e33f39"
            ],
            "markers": "python_version >= '3.8'",
            "version": "==2024.0.0"
        },
        "robotpy-hal": {
            "hashes": [
                "sha256:0cd34df381940f89626e1e2b206d2def4879c1cf66b617745447ab5323c24141",
                "sha256:164ce03dda139902ecc2a1e7c1d18600fbd0f5f33386e9eff1309ec32c217cd5",
                "sha256:19e445a2bd24e178e5a6ed583a21f8622da1ec214c0953c2cb028ff67b973b28",
                "sha256:2254a91d6b3c1a73a4c786338e677eff7d50620eb6b24f831945a53901e98501",
                "sha256:281f6bea3793106691568139df7c7722dcc40acbee95076c54070e4fe471aeac",
                "sha256:547452b6a2c89ed1ca74eb4523da183bb5c0c0b7281823ce197fe99a738dee29",
                "sha256:79d0810b4aee3769ee573e9d6a74f448940efea8ffaf70d86840db40122ce652",
                "sha256:7b884b7d756034a42702fdde8e77e8a8b53c379872a47673a8b1b6b898d14352",
                "sha256:93626c3a9fbb2ffa9a9dde9680675c845c173811a8b73bbc4790b50cf0d307ad",
                "sha256:b5d3a20a1fb67eaf2bb6efc1303f3ed1db8bdea08a9fde284ee63681fffc7aa8",
                "sha256:b9939b7076268c6f54f633879005685089a68d60b2df0fa52830b20c58af02cf",
                "sha256:b9945c69fb063f49db01ae4b335a92689d42cc1068efadff37403390a19169f9",
                "sha256:d201bbd0529701f150806abdf1c77c5203ee3fc82656fb7c9863d43b9ac3a364",
                "sha256:df21128092e932490923b49f6aa9741dbdb3a225805f60900b13d1ededeee38e",
                "sha256:fb8e58b726ed94c0a5f636f45b65580e5eefdeeb4c2cd2c898ba9ca0de7b1eec"
            ],
            "markers": "python_version >= '3.8'",
            "version": "==2024.1.1.1"
        },
        "robotpy-wpilib-utilities": {
            "hashes": [
                "sha256:da0d3495d28b8f758c0bc12f1075996273aae831c5dd9d85d6b0581f8f08bcaa",
                "sha256:f2e7e512e3e9ad938893175b22c827f97d0866ade47f34c25d68622c3f8a4c3a"
            ],
            "index": "pypi",
            "version": "==2024.0.0"
        },
        "robotpy-wpimath": {
            "hashes": [
                "sha256:35eb656efcd6cf1d50b8a0ebe5b802c5f0581b6d20df934f8dd1fcb77d120192",
                "sha256:4340882ab0f5c46487c4d5d9862430b58abc1762ef6d96753d9635c895987c6c",
                "sha256:59466913060a697fee4cd1afc63b5b72397281f9e0019f3a8cc6a1a6dbfa252e",
                "sha256:649ce400c5f3b45deaf73dbd8223be71fcb44f61d41d665bbf21ad947a7d5df3",
                "sha256:7167ea5181c815fe10f3e46df495ffc08ae2f90dbf399d455fe3c72643602394",
                "sha256:7b27bf280c9ae55e874b2e46f9174a3b07896ee9e4d5b90c4e16dab5173ad72e",
                "sha256:81e850df98fd62e8497a49b2bceec4014b9ed3cea155642fa4e034f77d870e18",
                "sha256:951ed4f556f9d2bc2addf70be331789742420147aca23e008ec5830488ec97e4",
                "sha256:9d570d4dbe27bbee560a14a212dc36d7149c3714c0e9ff77528615817c295a08",
                "sha256:bba421856198139d5c2384a66e04a18d47562ba1c7aaa78e4374a586bbafe427",
                "sha256:cdbe1585543d5f081c6a86f199d26b2355cb0713c3ff115e065f3697c064611d",
                "sha256:e3aef1a9c03d76236ed6049efdb28d4d021921d7a2dac2df7d32fb0137834704",
                "sha256:f987609fec0adbf253e47388812f61969c2ffcec1958f63a097bb5a3515c1e24",
                "sha256:fd6657f4a41b048f09791c1a2e556f7df12dc6e94631ae84deb1496ed246ca99",
                "sha256:fd7f3e247e248c2442ed8dab5b7b807a702576c3eab9d6725796af172d4102fc"
            ],
            "markers": "python_version >= '3.8'",
            "version": "==2024.1.1.1"
        },
        "robotpy-wpinet": {
            "hashes": [
                "sha256:04084d2289de0b1982ec71f9690f20bb62ac0606ba13bafaf087397979f5b168",
                "sha256:120e2a371f9a53a3571ebf3e3e933e95c451de80f61e7e14f8c3b69021d101cd",
                "sha256:1faf0a5cb40b27538ff20ba1e5a098490f4106a3704c89403a4851a844c25a1e",
                "sha256:2816bf1c4dd18412b63c9526e413852f784d680e7b1def0eb9426496ee543bc8",
                "sha256:2caf345812138b0b76695f7c858c3ba364403f4de08a9bb21074d1724ad9f326",
                "sha256:3a07601b53193179310e8d433d1100ff554f62e87ffd62daf8c9470847b0cce8",
                "sha256:52d0fbb187120416846261d3a1150282a33542a672495fdd5189d0f0d7f211a4",
                "sha256:63ee412582a42a40cba5c851a3723d84a69f9a8787e66446eea6c2426ea2859e",
                "sha256:6a58178cab524f6943027dd93a8e2ace92b2a23cdefac596297aabf15830f28e",
                "sha256:79cad99f417c0c3d08d40755fe1d303a7841726befe878bc7f5221b2c8b0271b",
                "sha256:8729c00e2b6e8993e3bb7ea9f3d0f70b7028dd91c172b3d8e8e62a5cd04627c5",
                "sha256:8ed88d6aa152be5899ff5ac441aebf53dffb529cda552e82031687d1bb13e4a7",
                "sha256:94bf23400e7891f9ee4665570c1f5fc638bf8c89049d508af2b99a31c81d2c49",
                "sha256:a9dc643a8a00055cbc7d6998ae02fbfa92da81498da4a105ee2edb76d7ef8319",
                "sha256:f3ce06ddcce3f458cabb126bffbb78242d541c0500c1b703f0afd212ae64e7cf"
            ],
            "markers": "python_version >= '3.8'",
            "version": "==2024.1.1.1"
        },
        "robotpy-wpiutil": {
            "hashes": [
                "sha256:0084575cd93088ab71ee3140506ef497ae3292cab4c786dbf3f8f7b19333b6ee",
                "sha256:0b552be4e0d5f411237e70a4c9fed959906917f9e5681e5db8b06b17ac857a56",
                "sha256:0d8579546617a5e2967b1e3325a6778ca6e56d87585b09f766258077722fcc47",
                "sha256:1aa7bc8abd9635517119ccd6a322e28a5da5ab92bf1c66c0b90ffbb865549710",
                "sha256:3008cb3a9e94ae9a0b2c15aacd4e18886a621723a196a20a459d7419ba504ed3",
                "sha256:3c72957302d7caa65f2a71274889e481a8b3490bd7bd425cef0340defe09b179",
                "sha256:5096c16e90eef7bec892e3ad7ea648110c4d525e0c79d1aa07d9d380a0c0c66c",
                "sha256:5f62c29d06f9adf5159c82b2b7bdab98d2d247f6cc84df0aebee6570c916f735",
                "sha256:90d600535afbd61892a056e8c292b4de9fa4cd593b0d0a7e1b3585d5801f43d1",
                "sha256:ab5f7e193f1f044feb74dea87867811132ce71b19d1cb55b06b03db7fdec2489",
                "sha256:ae84c668de63383d633a56d8c089b76ea3e2835f36ab49374ed498c118fd5c47",
                "sha256:b1aead0364f3069f82c2eb5bbb860906a8a2be89b520afa1da9d7ff58f04b0cf",
                "sha256:f3ee870245ee3cec80f1b74a6f674e93b574d156924c83c239970a07a3ab6dec",
                "sha256:fd98ab7f66447387cb329ed8451736c616dbf4c4d31e9ad746853ea9046ca506",
                "sha256:ff4f4be6e5d9d6ac9a0bcc1e72fa7756810e986939bfa1ad2522b597dab7f85c"
            ],
            "markers": "python_version >= '3.8'",
            "version": "==2024.1.1.1"
        },
        "wpilib": {
            "hashes": [
                "sha256:023f1b6f404a5ab3a5018bf59b681215c8d1455ab114bbe1c70ad6648fd36750",
                "sha256:244745f00b9fc6db7b66b2992a1bfc9c7da5c6951bb85aeda0f277de6589eca6",
                "sha256:4e277c109c14550dff64f6e3e19202a0517de6776e59484447ca50539c35830b",
                "sha256:6b296068ba2901bd4ec8bc0bcee499ef54fd2e18d68a927b174445397d1a9e65",
                "sha256:6f04c81531e67a3f06e7a50198a21657095f0fc5bdd823cd2ada4931317b2e41",
                "sha256:82a2cee6ba2ff21b545388c3752ccbf5eafb60c73188d30a2161e2fce4ec2f7f",
                "sha256:9edad7cd2483e514864c0fa4128abf9aeb929d2888c95fbc37a00579daca98c9",
                "sha256:a5ef39347c780cc50d7ef0f079377541298070174654446272b3e392824739ab",
                "sha256:b9bbd811fc38689e20714bd584bf9af13f1a1bc885ba0de282ff0ef100ebd528",
                "sha256:c2816c5fb4febaeb4c7055e5528780103b0ea705084e7d99c5e219d9873a96fb",
                "sha256:c8172b7ccd416a0335aaf44cc54d2ee6d92a404f880026d9934445977c74e9d0",
                "sha256:c825d146270ef9c2ceaa9abfde2ea5f27270149cf97c1ccf07f3dab9ab659077",
                "sha256:d4120bc2482b3af2eaaaa1562a18e86a96e7830194926dbdd66de679727d7871",
                "sha256:e3b4063c4068fadd48e7cfb220476bfd529e59614e0b3f8a825d06115d2a9b44",
                "sha256:fcfa81321de93933406e313b7f3f89d6300ab5bc9d757c89b4214858fb4393d3"
            ],
            "index": "pypi",
            "version": "==2024.1.1.1"
        }
    },
    "develop": {}
}
