{
    "_meta": {
        "hash": {
            "sha256": "549af52789b9d66712101849e8b0b2e1fc8e268ab06b271ee32f41209fcc4f8e"
        },
        "pipfile-spec": 6,
        "requires": {
            "python_version": "3.11"
        },
        "sources": [
            {
                "name": "pypi",
                "url": "https://pypi.org/simple",
                "verify_ssl": true
            }
        ]
    },
    "default": {
        "cbor2": {
            "hashes": [
                "sha256:17b615da69964f87e48c5adb34ba63db3068f65b9cd14a7b099503d9f8a0e9ae",
                "sha256:6391fd3d2a4e976ecf892638a0a2a88d85e6764124bf9f128a945bfefefe77dc"
            ],
            "version": "==4.1.2"
        },
        "pynetworktables": {
            "hashes": [
                "sha256:54604b1993515c43890be058263f158c1d168c69bedd802f0de644964cf3840d",
                "sha256:91167948e66c29d5c90f85f3e249403f4d2ebf11368b93f9b968ef315388c73c"
            ],
            "markers": "python_version >= '3.5'",
            "version": "==2021.0.0"
        },
        "pynetworktables2js": {
            "hashes": [
                "sha256:db9f4516c7601af72b52e669ac4ba5d8a6539353207ecdb0cfbbaed48b20cb59",
                "sha256:e731cbdac6cccbc9b9e5c1a319913d9682b0365a941c3b8e49135ce0a23b87f4"
            ],
            "index": "pypi",
            "version": "==2021.0.1"
        },
        "tornado": {
            "hashes": [
                "sha256:02ccefc7d8211e5a7f9e8bc3f9e5b0ad6262ba2fbb683a6443ecc804e5224ce0",
                "sha256:10aeaa8006333433da48dec9fe417877f8bcc21f48dda8d661ae79da357b2a63",
                "sha256:27787de946a9cffd63ce5814c33f734c627a87072ec7eed71f7fc4417bb16263",
                "sha256:6f8a6c77900f5ae93d8b4ae1196472d0ccc2775cc1dfdc9e7727889145c45052",
                "sha256:71ddfc23a0e03ef2df1c1397d859868d158c8276a0603b96cf86892bff58149f",
                "sha256:72291fa6e6bc84e626589f1c29d90a5a6d593ef5ae68052ee2ef000dfd273dee",
                "sha256:88b84956273fbd73420e6d4b8d5ccbe913c65d31351b4c004ae362eba06e1f78",
                "sha256:e43bc2e5370a6a8e413e1e1cd0c91bedc5bd62a74a532371042a18ef19e10579",
                "sha256:f0251554cdd50b4b44362f73ad5ba7126fc5b2c2895cc62b14a1c2d7ea32f212",
                "sha256:f7894c581ecdcf91666a0912f18ce5e757213999e183ebfc2c3fdbf4d5bd764e",
                "sha256:fd03192e287fbd0899dd8f81c6fb9cbbc69194d2074b38f384cb6fa72b80e9c2"
            ],
            "markers": "python_version >= '3.8'",
            "version": "==6.4"
        }
    },
    "develop": {}
}
